// !$*UTF8*$!
{
	archiveVersion = 1;
	classes = {
	};
	objectVersion = 55;
	objects = {

/* Begin PBXBuildFile section */
		9F19CA32285EA5090072C50E /* Simulator.swift in Sources */ = {isa = PBXBuildFile; fileRef = 9F19CA31285EA5090072C50E /* Simulator.swift */; };
		9F19CA35285EB0730072C50E /* RootPart.swift in Sources */ = {isa = PBXBuildFile; fileRef = 9F19CA34285EB0730072C50E /* RootPart.swift */; };
		9FAA4A0428524C40009332C9 /* HasChildren.swift in Sources */ = {isa = PBXBuildFile; fileRef = 9FAA4A0328524C40009332C9 /* HasChildren.swift */; };
		9FE1AF0C2852971400A56193 /* Fw++.swift in Sources */ = {isa = PBXBuildFile; fileRef = 9FE1AF0B2852971400A56193 /* Fw++.swift */; };
		9FEE6F162835778A00E9E2AE /* FooDocTry3App.swift in Sources */ = {isa = PBXBuildFile; fileRef = 9FEE6F152835778A00E9E2AE /* FooDocTry3App.swift */; };
		9FEE6F182835778A00E9E2AE /* FooDocTry3Document.swift in Sources */ = {isa = PBXBuildFile; fileRef = 9FEE6F172835778A00E9E2AE /* FooDocTry3Document.swift */; };
		9FEE6F1A2835778A00E9E2AE /* ContentView.swift in Sources */ = {isa = PBXBuildFile; fileRef = 9FEE6F192835778A00E9E2AE /* ContentView.swift */; };
		9FEE6F1C2835779000E9E2AE /* Assets.xcassets in Resources */ = {isa = PBXBuildFile; fileRef = 9FEE6F1B2835779000E9E2AE /* Assets.xcassets */; };
		9FEE6F1F2835779000E9E2AE /* Preview Assets.xcassets in Resources */ = {isa = PBXBuildFile; fileRef = 9FEE6F1E2835779000E9E2AE /* Preview Assets.xcassets */; };
		9FEE6F282837C54E00E9E2AE /* art.scnassets in Resources */ = {isa = PBXBuildFile; fileRef = 9FEE6F272837C54E00E9E2AE /* art.scnassets */; };
		9FEE6F2C283C239000E9E2AE /* Dragon.swift in Sources */ = {isa = PBXBuildFile; fileRef = 9FEE6F2B283C239000E9E2AE /* Dragon.swift */; };
		9FEE6F2E283E724100E9E2AE /* SCNScene++.swift in Sources */ = {isa = PBXBuildFile; fileRef = 9FEE6F2D283E724100E9E2AE /* SCNScene++.swift */; };
		9FEE6FD92841A70F00E9E2AE /* Vew.swift in Sources */ = {isa = PBXBuildFile; fileRef = 9FEE6FD72841A70E00E9E2AE /* Vew.swift */; };
		9FEE6FDA2841A70F00E9E2AE /* Part.swift in Sources */ = {isa = PBXBuildFile; fileRef = 9FEE6FD82841A70F00E9E2AE /* Part.swift */; };
		9FEE70A9284318B500E9E2AE /* SCNNode++.swift in Sources */ = {isa = PBXBuildFile; fileRef = 9FEE70A8284318B500E9E2AE /* SCNNode++.swift */; };
/* End PBXBuildFile section */

/* Begin PBXFileReference section */
		9F19CA31285EA5090072C50E /* Simulator.swift */ = {isa = PBXFileReference; fileEncoding = 4; lastKnownFileType = sourcecode.swift; path = Simulator.swift; sourceTree = "<group>"; };
		9F19CA34285EB0730072C50E /* RootPart.swift */ = {isa = PBXFileReference; fileEncoding = 4; lastKnownFileType = sourcecode.swift; path = RootPart.swift; sourceTree = "<group>"; };
		9FAA4A0328524C40009332C9 /* HasChildren.swift */ = {isa = PBXFileReference; lastKnownFileType = sourcecode.swift; path = HasChildren.swift; sourceTree = "<group>"; };
		9FE1AF0B2852971400A56193 /* Fw++.swift */ = {isa = PBXFileReference; lastKnownFileType = sourcecode.swift; path = "Fw++.swift"; sourceTree = "<group>"; };
		9FEE6F122835778A00E9E2AE /* FooDocTry3.app */ = {isa = PBXFileReference; explicitFileType = wrapper.application; includeInIndex = 0; path = FooDocTry3.app; sourceTree = BUILT_PRODUCTS_DIR; };
		9FEE6F152835778A00E9E2AE /* FooDocTry3App.swift */ = {isa = PBXFileReference; lastKnownFileType = sourcecode.swift; path = FooDocTry3App.swift; sourceTree = "<group>"; };
		9FEE6F172835778A00E9E2AE /* FooDocTry3Document.swift */ = {isa = PBXFileReference; lastKnownFileType = sourcecode.swift; path = FooDocTry3Document.swift; sourceTree = "<group>"; };
		9FEE6F192835778A00E9E2AE /* ContentView.swift */ = {isa = PBXFileReference; lastKnownFileType = sourcecode.swift; path = ContentView.swift; sourceTree = "<group>"; };
		9FEE6F1B2835779000E9E2AE /* Assets.xcassets */ = {isa = PBXFileReference; lastKnownFileType = folder.assetcatalog; path = Assets.xcassets; sourceTree = "<group>"; };
		9FEE6F1E2835779000E9E2AE /* Preview Assets.xcassets */ = {isa = PBXFileReference; lastKnownFileType = folder.assetcatalog; path = "Preview Assets.xcassets"; sourceTree = "<group>"; };
		9FEE6F202835779000E9E2AE /* Info.plist */ = {isa = PBXFileReference; lastKnownFileType = text.plist.xml; path = Info.plist; sourceTree = "<group>"; };
		9FEE6F212835779000E9E2AE /* fooDocTry3.entitlements */ = {isa = PBXFileReference; lastKnownFileType = text.plist.entitlements; path = fooDocTry3.entitlements; sourceTree = "<group>"; };
		9FEE6F272837C54E00E9E2AE /* art.scnassets */ = {isa = PBXFileReference; lastKnownFileType = wrapper.scnassets; path = art.scnassets; sourceTree = "<group>"; };
		9FEE6F2B283C239000E9E2AE /* Dragon.swift */ = {isa = PBXFileReference; lastKnownFileType = sourcecode.swift; path = Dragon.swift; sourceTree = "<group>"; };
		9FEE6F2D283E724100E9E2AE /* SCNScene++.swift */ = {isa = PBXFileReference; lastKnownFileType = sourcecode.swift; path = "SCNScene++.swift"; sourceTree = "<group>"; };
		9FEE6FD72841A70E00E9E2AE /* Vew.swift */ = {isa = PBXFileReference; fileEncoding = 4; lastKnownFileType = sourcecode.swift; path = Vew.swift; sourceTree = "<group>"; };
		9FEE6FD82841A70F00E9E2AE /* Part.swift */ = {isa = PBXFileReference; fileEncoding = 4; lastKnownFileType = sourcecode.swift; path = Part.swift; sourceTree = "<group>"; };
		9FEE70A8284318B500E9E2AE /* SCNNode++.swift */ = {isa = PBXFileReference; fileEncoding = 4; lastKnownFileType = sourcecode.swift; path = "SCNNode++.swift"; sourceTree = "<group>"; };
/* End PBXFileReference section */

/* Begin PBXFrameworksBuildPhase section */
		9FEE6F0F2835778A00E9E2AE /* Frameworks */ = {
			isa = PBXFrameworksBuildPhase;
			buildActionMask = 2147483647;
			files = (
			);
			runOnlyForDeploymentPostprocessing = 0;
		};
/* End PBXFrameworksBuildPhase section */

/* Begin PBXGroup section */
		9F19CA33285EAF730072C50E /* ModelX */ = {
			isa = PBXGroup;
			children = (
				9FEE6FD82841A70F00E9E2AE /* Part.swift */,
				9FAA4A0328524C40009332C9 /* HasChildren.swift */,
				9F19CA34285EB0730072C50E /* RootPart.swift */,
			);
			path = ModelX;
			sourceTree = "<group>";
		};
		9FEE6F092835778A00E9E2AE = {
			isa = PBXGroup;
			children = (
				9FEE6F142835778A00E9E2AE /* FooDocTry3 */,
				9FEE6F132835778A00E9E2AE /* Products */,
			);
			sourceTree = "<group>";
		};
		9FEE6F132835778A00E9E2AE /* Products */ = {
			isa = PBXGroup;
			children = (
				9FEE6F122835778A00E9E2AE /* FooDocTry3.app */,
			);
			name = Products;
			sourceTree = "<group>";
		};
		9FEE6F142835778A00E9E2AE /* FooDocTry3 */ = {
			isa = PBXGroup;
			children = (
				9FEE6F152835778A00E9E2AE /* FooDocTry3App.swift */,
				9FEE6F172835778A00E9E2AE /* FooDocTry3Document.swift */,
				9FEE6F192835778A00E9E2AE /* ContentView.swift */,
				9FEE6FD72841A70E00E9E2AE /* Vew.swift */,
				9F19CA33285EAF730072C50E /* ModelX */,
				9F19CA31285EA5090072C50E /* Simulator.swift */,
				9FEE6F2B283C239000E9E2AE /* Dragon.swift */,
				9FEE6FDB2843182A00E9E2AE /* Extensions++ */,
				9FEE6F272837C54E00E9E2AE /* art.scnassets */,
				9FEE6F1B2835779000E9E2AE /* Assets.xcassets */,
				9FEE6F202835779000E9E2AE /* Info.plist */,
				9FEE6F212835779000E9E2AE /* fooDocTry3.entitlements */,
				9FEE6F1D2835779000E9E2AE /* Preview Content */,
			);
			path = FooDocTry3;
			sourceTree = "<group>";
		};
		9FEE6F1D2835779000E9E2AE /* Preview Content */ = {
			isa = PBXGroup;
			children = (
				9FEE6F1E2835779000E9E2AE /* Preview Assets.xcassets */,
			);
			path = "Preview Content";
			sourceTree = "<group>";
		};
		9FEE6FDB2843182A00E9E2AE /* Extensions++ */ = {
			isa = PBXGroup;
			children = (
				9FEE6F2D283E724100E9E2AE /* SCNScene++.swift */,
				9FEE70A8284318B500E9E2AE /* SCNNode++.swift */,
				9FE1AF0B2852971400A56193 /* Fw++.swift */,
			);
			path = "Extensions++";
			sourceTree = "<group>";
		};
/* End PBXGroup section */

/* Begin PBXNativeTarget section */
		9FEE6F112835778A00E9E2AE /* FooDocTry3 */ = {
			isa = PBXNativeTarget;
			buildConfigurationList = 9FEE6F242835779000E9E2AE /* Build configuration list for PBXNativeTarget "FooDocTry3" */;
			buildPhases = (
				9FEE6F0E2835778A00E9E2AE /* Sources */,
				9FEE6F0F2835778A00E9E2AE /* Frameworks */,
				9FEE6F102835778A00E9E2AE /* Resources */,
			);
			buildRules = (
			);
			dependencies = (
			);
			name = FooDocTry3;
			productName = fooDocTry3;
			productReference = 9FEE6F122835778A00E9E2AE /* FooDocTry3.app */;
			productType = "com.apple.product-type.application";
		};
/* End PBXNativeTarget section */

/* Begin PBXProject section */
		9FEE6F0A2835778A00E9E2AE /* Project object */ = {
			isa = PBXProject;
			attributes = {
				BuildIndependentTargetsInParallel = 1;
				LastSwiftUpdateCheck = 1340;
				LastUpgradeCheck = 1340;
				TargetAttributes = {
					9FEE6F112835778A00E9E2AE = {
						CreatedOnToolsVersion = 13.4;
					};
				};
			};
			buildConfigurationList = 9FEE6F0D2835778A00E9E2AE /* Build configuration list for PBXProject "FooDocTry3" */;
			compatibilityVersion = "Xcode 13.0";
			developmentRegion = en;
			hasScannedForEncodings = 0;
			knownRegions = (
				en,
				Base,
			);
			mainGroup = 9FEE6F092835778A00E9E2AE;
			productRefGroup = 9FEE6F132835778A00E9E2AE /* Products */;
			projectDirPath = "";
			projectRoot = "";
			targets = (
				9FEE6F112835778A00E9E2AE /* FooDocTry3 */,
			);
		};
/* End PBXProject section */

/* Begin PBXResourcesBuildPhase section */
		9FEE6F102835778A00E9E2AE /* Resources */ = {
			isa = PBXResourcesBuildPhase;
			buildActionMask = 2147483647;
			files = (
				9FEE6F1F2835779000E9E2AE /* Preview Assets.xcassets in Resources */,
				9FEE6F282837C54E00E9E2AE /* art.scnassets in Resources */,
				9FEE6F1C2835779000E9E2AE /* Assets.xcassets in Resources */,
			);
			runOnlyForDeploymentPostprocessing = 0;
		};
/* End PBXResourcesBuildPhase section */

/* Begin PBXSourcesBuildPhase section */
		9FEE6F0E2835778A00E9E2AE /* Sources */ = {
			isa = PBXSourcesBuildPhase;
			buildActionMask = 2147483647;
			files = (
				9F19CA35285EB0730072C50E /* RootPart.swift in Sources */,
				9F19CA32285EA5090072C50E /* Simulator.swift in Sources */,
				9FE1AF0C2852971400A56193 /* Fw++.swift in Sources */,
				9FAA4A0428524C40009332C9 /* HasChildren.swift in Sources */,
				9FEE6F2C283C239000E9E2AE /* Dragon.swift in Sources */,
				9FEE6F182835778A00E9E2AE /* FooDocTry3Document.swift in Sources */,
				9FEE70A9284318B500E9E2AE /* SCNNode++.swift in Sources */,
				9FEE6FDA2841A70F00E9E2AE /* Part.swift in Sources */,
				9FEE6FD92841A70F00E9E2AE /* Vew.swift in Sources */,
				9FEE6F162835778A00E9E2AE /* FooDocTry3App.swift in Sources */,
				9FEE6F2E283E724100E9E2AE /* SCNScene++.swift in Sources */,
				9FEE6F1A2835778A00E9E2AE /* ContentView.swift in Sources */,
			);
			runOnlyForDeploymentPostprocessing = 0;
		};
/* End PBXSourcesBuildPhase section */

/* Begin XCBuildConfiguration section */
		9FEE6F222835779000E9E2AE /* Debug */ = {
			isa = XCBuildConfiguration;
			buildSettings = {
				ALWAYS_SEARCH_USER_PATHS = NO;
				CLANG_ANALYZER_NONNULL = YES;
				CLANG_ANALYZER_NUMBER_OBJECT_CONVERSION = YES_AGGRESSIVE;
				CLANG_CXX_LANGUAGE_STANDARD = "gnu++17";
				CLANG_ENABLE_MODULES = YES;
				CLANG_ENABLE_OBJC_ARC = YES;
				CLANG_ENABLE_OBJC_WEAK = YES;
				CLANG_WARN_BLOCK_CAPTURE_AUTORELEASING = YES;
				CLANG_WARN_BOOL_CONVERSION = YES;
				CLANG_WARN_COMMA = YES;
				CLANG_WARN_CONSTANT_CONVERSION = YES;
				CLANG_WARN_DEPRECATED_OBJC_IMPLEMENTATIONS = YES;
				CLANG_WARN_DIRECT_OBJC_ISA_USAGE = YES_ERROR;
				CLANG_WARN_DOCUMENTATION_COMMENTS = YES;
				CLANG_WARN_EMPTY_BODY = YES;
				CLANG_WARN_ENUM_CONVERSION = YES;
				CLANG_WARN_INFINITE_RECURSION = YES;
				CLANG_WARN_INT_CONVERSION = YES;
				CLANG_WARN_NON_LITERAL_NULL_CONVERSION = YES;
				CLANG_WARN_OBJC_IMPLICIT_RETAIN_SELF = YES;
				CLANG_WARN_OBJC_LITERAL_CONVERSION = YES;
				CLANG_WARN_OBJC_ROOT_CLASS = YES_ERROR;
				CLANG_WARN_QUOTED_INCLUDE_IN_FRAMEWORK_HEADER = YES;
				CLANG_WARN_RANGE_LOOP_ANALYSIS = YES;
				CLANG_WARN_STRICT_PROTOTYPES = YES;
				CLANG_WARN_SUSPICIOUS_MOVE = YES;
				CLANG_WARN_UNGUARDED_AVAILABILITY = YES_AGGRESSIVE;
				CLANG_WARN_UNREACHABLE_CODE = YES;
				CLANG_WARN__DUPLICATE_METHOD_MATCH = YES;
				COPY_PHASE_STRIP = NO;
				DEBUG_INFORMATION_FORMAT = dwarf;
				ENABLE_STRICT_OBJC_MSGSEND = YES;
				ENABLE_TESTABILITY = YES;
				GCC_C_LANGUAGE_STANDARD = gnu11;
				GCC_DYNAMIC_NO_PIC = NO;
				GCC_NO_COMMON_BLOCKS = YES;
				GCC_OPTIMIZATION_LEVEL = 0;
				GCC_PREPROCESSOR_DEFINITIONS = (
					"DEBUG=1",
					"$(inherited)",
				);
				GCC_WARN_64_TO_32_BIT_CONVERSION = YES;
				GCC_WARN_ABOUT_RETURN_TYPE = YES_ERROR;
				GCC_WARN_UNDECLARED_SELECTOR = YES;
				GCC_WARN_UNINITIALIZED_AUTOS = YES_AGGRESSIVE;
				GCC_WARN_UNUSED_FUNCTION = YES;
				GCC_WARN_UNUSED_VARIABLE = YES;
				MACOSX_DEPLOYMENT_TARGET = 12.3;
				MTL_ENABLE_DEBUG_INFO = INCLUDE_SOURCE;
				MTL_FAST_MATH = YES;
				ONLY_ACTIVE_ARCH = YES;
				SDKROOT = macosx;
				SWIFT_ACTIVE_COMPILATION_CONDITIONS = DEBUG;
				SWIFT_OPTIMIZATION_LEVEL = "-Onone";
			};
			name = Debug;
		};
		9FEE6F232835779000E9E2AE /* Release */ = {
			isa = XCBuildConfiguration;
			buildSettings = {
				ALWAYS_SEARCH_USER_PATHS = NO;
				CLANG_ANALYZER_NONNULL = YES;
				CLANG_ANALYZER_NUMBER_OBJECT_CONVERSION = YES_AGGRESSIVE;
				CLANG_CXX_LANGUAGE_STANDARD = "gnu++17";
				CLANG_ENABLE_MODULES = YES;
				CLANG_ENABLE_OBJC_ARC = YES;
				CLANG_ENABLE_OBJC_WEAK = YES;
				CLANG_WARN_BLOCK_CAPTURE_AUTORELEASING = YES;
				CLANG_WARN_BOOL_CONVERSION = YES;
				CLANG_WARN_COMMA = YES;
				CLANG_WARN_CONSTANT_CONVERSION = YES;
				CLANG_WARN_DEPRECATED_OBJC_IMPLEMENTATIONS = YES;
				CLANG_WARN_DIRECT_OBJC_ISA_USAGE = YES_ERROR;
				CLANG_WARN_DOCUMENTATION_COMMENTS = YES;
				CLANG_WARN_EMPTY_BODY = YES;
				CLANG_WARN_ENUM_CONVERSION = YES;
				CLANG_WARN_INFINITE_RECURSION = YES;
				CLANG_WARN_INT_CONVERSION = YES;
				CLANG_WARN_NON_LITERAL_NULL_CONVERSION = YES;
				CLANG_WARN_OBJC_IMPLICIT_RETAIN_SELF = YES;
				CLANG_WARN_OBJC_LITERAL_CONVERSION = YES;
				CLANG_WARN_OBJC_ROOT_CLASS = YES_ERROR;
				CLANG_WARN_QUOTED_INCLUDE_IN_FRAMEWORK_HEADER = YES;
				CLANG_WARN_RANGE_LOOP_ANALYSIS = YES;
				CLANG_WARN_STRICT_PROTOTYPES = YES;
				CLANG_WARN_SUSPICIOUS_MOVE = YES;
				CLANG_WARN_UNGUARDED_AVAILABILITY = YES_AGGRESSIVE;
				CLANG_WARN_UNREACHABLE_CODE = YES;
				CLANG_WARN__DUPLICATE_METHOD_MATCH = YES;
				COPY_PHASE_STRIP = NO;
				DEBUG_INFORMATION_FORMAT = "dwarf-with-dsym";
				ENABLE_NS_ASSERTIONS = NO;
				ENABLE_STRICT_OBJC_MSGSEND = YES;
				GCC_C_LANGUAGE_STANDARD = gnu11;
				GCC_NO_COMMON_BLOCKS = YES;
				GCC_WARN_64_TO_32_BIT_CONVERSION = YES;
				GCC_WARN_ABOUT_RETURN_TYPE = YES_ERROR;
				GCC_WARN_UNDECLARED_SELECTOR = YES;
				GCC_WARN_UNINITIALIZED_AUTOS = YES_AGGRESSIVE;
				GCC_WARN_UNUSED_FUNCTION = YES;
				GCC_WARN_UNUSED_VARIABLE = YES;
				MACOSX_DEPLOYMENT_TARGET = 12.3;
				MTL_ENABLE_DEBUG_INFO = NO;
				MTL_FAST_MATH = YES;
				SDKROOT = macosx;
				SWIFT_COMPILATION_MODE = wholemodule;
				SWIFT_OPTIMIZATION_LEVEL = "-O";
			};
			name = Release;
		};
		9FEE6F252835779000E9E2AE /* Debug */ = {
			isa = XCBuildConfiguration;
			buildSettings = {
				ASSETCATALOG_COMPILER_APPICON_NAME = AppIcon;
				ASSETCATALOG_COMPILER_GLOBAL_ACCENT_COLOR_NAME = AccentColor;
				CODE_SIGN_ENTITLEMENTS = fooDocTry3/fooDocTry3.entitlements;
				CODE_SIGN_STYLE = Automatic;
				COMBINE_HIDPI_IMAGES = YES;
				CURRENT_PROJECT_VERSION = 1;
				DEVELOPMENT_ASSET_PATHS = "\"FooDocTry3/Preview Content\"";
				DEVELOPMENT_TEAM = D45V5JYQ5Y;
				ENABLE_HARDENED_RUNTIME = YES;
				ENABLE_PREVIEWS = YES;
				GENERATE_INFOPLIST_FILE = YES;
				INFOPLIST_FILE = fooDocTry3/Info.plist;
				INFOPLIST_KEY_NSHumanReadableCopyright = "";
				LD_RUNPATH_SEARCH_PATHS = (
					"$(inherited)",
					"@executable_path/../Frameworks",
				);
				MARKETING_VERSION = 1.0;
				PRODUCT_BUNDLE_IDENTIFIER = abcFoo.fooDocTry3;
				PRODUCT_NAME = "$(TARGET_NAME)";
				SWIFT_EMIT_LOC_STRINGS = YES;
				SWIFT_VERSION = 5.0;
			};
			name = Debug;
		};
		9FEE6F262835779000E9E2AE /* Release */ = {
			isa = XCBuildConfiguration;
			buildSettings = {
				ASSETCATALOG_COMPILER_APPICON_NAME = AppIcon;
				ASSETCATALOG_COMPILER_GLOBAL_ACCENT_COLOR_NAME = AccentColor;
				CODE_SIGN_ENTITLEMENTS = fooDocTry3/fooDocTry3.entitlements;
				CODE_SIGN_STYLE = Automatic;
				COMBINE_HIDPI_IMAGES = YES;
				CURRENT_PROJECT_VERSION = 1;
				DEVELOPMENT_ASSET_PATHS = "\"FooDocTry3/Preview Content\"";
				DEVELOPMENT_TEAM = D45V5JYQ5Y;
				ENABLE_HARDENED_RUNTIME = YES;
				ENABLE_PREVIEWS = YES;
				GENERATE_INFOPLIST_FILE = YES;
				INFOPLIST_FILE = fooDocTry3/Info.plist;
				INFOPLIST_KEY_NSHumanReadableCopyright = "";
				LD_RUNPATH_SEARCH_PATHS = (
					"$(inherited)",
					"@executable_path/../Frameworks",
				);
				MARKETING_VERSION = 1.0;
				PRODUCT_BUNDLE_IDENTIFIER = abcFoo.fooDocTry3;
				PRODUCT_NAME = "$(TARGET_NAME)";
				SWIFT_EMIT_LOC_STRINGS = YES;
				SWIFT_VERSION = 5.0;
			};
			name = Release;
		};
/* End XCBuildConfiguration section */

/* Begin XCConfigurationList section */
		9FEE6F0D2835778A00E9E2AE /* Build configuration list for PBXProject "FooDocTry3" */ = {
			isa = XCConfigurationList;
			buildConfigurations = (
				9FEE6F222835779000E9E2AE /* Debug */,
				9FEE6F232835779000E9E2AE /* Release */,
			);
			defaultConfigurationIsVisible = 0;
			defaultConfigurationName = Release;
		};
		9FEE6F242835779000E9E2AE /* Build configuration list for PBXNativeTarget "FooDocTry3" */ = {
			isa = XCConfigurationList;
			buildConfigurations = (
				9FEE6F252835779000E9E2AE /* Debug */,
				9FEE6F262835779000E9E2AE /* Release */,
			);
			defaultConfigurationIsVisible = 0;
			defaultConfigurationName = Release;
		};
/* End XCConfigurationList section */
	};
	rootObject = 9FEE6F0A2835778A00E9E2AE /* Project object */;
}
