// !$*UTF8*$!
{
	archiveVersion = 1;
	classes = {
	};
	objectVersion = 55;
	objects = {

/* Begin PBXBuildFile section */
		9F019EF02D20F0FA0064F58C /* PortSound.swift in Sources */ = {isa = PBXBuildFile; fileRef = 9F019EEF2D20F0FA0064F58C /* PortSound.swift */; };
		9F019EF12D20F0FA0064F58C /* PortSound.swift in Sources */ = {isa = PBXBuildFile; fileRef = 9F019EEF2D20F0FA0064F58C /* PortSound.swift */; };
		9F0295CF288091EF00DD0004 /* FactalsStatus.swift in Sources */ = {isa = PBXBuildFile; fileRef = 9F0295CD288091EF00DD0004 /* FactalsStatus.swift */; };
		9F0295D32880923000DD0004 /* Sound.swift in Sources */ = {isa = PBXBuildFile; fileRef = 9F0295D22880923000DD0004 /* Sound.swift */; };
		9F0295D82880926D00DD0004 /* Self++.swift in Sources */ = {isa = PBXBuildFile; fileRef = 9F0295D62880926D00DD0004 /* Self++.swift */; };
		9F0295D92880926D00DD0004 /* FwwEvent.swift in Sources */ = {isa = PBXBuildFile; fileRef = 9F0295D72880926D00DD0004 /* FwwEvent.swift */; };
		9F0295DB2880928600DD0004 /* FwTypes.swift in Sources */ = {isa = PBXBuildFile; fileRef = 9F0295DA2880928600DD0004 /* FwTypes.swift */; };
		9F0295DD288092F800DD0004 /* Equatable.swift in Sources */ = {isa = PBXBuildFile; fileRef = 9F0295DC288092F800DD0004 /* Equatable.swift */; };
		9F0295DF2880932200DD0004 /* CG++.swift in Sources */ = {isa = PBXBuildFile; fileRef = 9F0295DE2880932200DD0004 /* CG++.swift */; };
		9F132F832DBECD9700E28189 /* Chanty.swift in Sources */ = {isa = PBXBuildFile; fileRef = 9F132F822DBECD9700E28189 /* Chanty.swift */; };
		9F132F842DBECD9700E28189 /* Chanty.swift in Sources */ = {isa = PBXBuildFile; fileRef = 9F132F822DBECD9700E28189 /* Chanty.swift */; };
		9F1900F828808DC10078DB6C /* Link.swift in Sources */ = {isa = PBXBuildFile; fileRef = 9F1900E728808DC00078DB6C /* Link.swift */; };
		9F1900F928808DC10078DB6C /* Actor.swift in Sources */ = {isa = PBXBuildFile; fileRef = 9F1900E828808DC00078DB6C /* Actor.swift */; };
		9F1900FA28808DC10078DB6C /* MultiLink.swift in Sources */ = {isa = PBXBuildFile; fileRef = 9F1900E928808DC00078DB6C /* MultiLink.swift */; };
		9F1900FB28808DC10078DB6C /* Previous.swift in Sources */ = {isa = PBXBuildFile; fileRef = 9F1900EA28808DC00078DB6C /* Previous.swift */; };
		9F1900FC28808DC10078DB6C /* CommonLeafs.swift in Sources */ = {isa = PBXBuildFile; fileRef = 9F1900EB28808DC00078DB6C /* CommonLeafs.swift */; };
		9F1900FD28808DC10078DB6C /* TimingChain.swift in Sources */ = {isa = PBXBuildFile; fileRef = 9F1900ED28808DC00078DB6C /* TimingChain.swift */; };
		9F1900FE28808DC10078DB6C /* DiscreteTime.swift in Sources */ = {isa = PBXBuildFile; fileRef = 9F1900EE28808DC00078DB6C /* DiscreteTime.swift */; };
		9F1900FF28808DC10078DB6C /* Generator.swift in Sources */ = {isa = PBXBuildFile; fileRef = 9F1900EF28808DC00078DB6C /* Generator.swift */; };
		9F19010028808DC10078DB6C /* WorldModel.swift in Sources */ = {isa = PBXBuildFile; fileRef = 9F1900F028808DC00078DB6C /* WorldModel.swift */; };
		9F19010128808DC10078DB6C /* FwBundle.swift in Sources */ = {isa = PBXBuildFile; fileRef = 9F1900F128808DC00078DB6C /* FwBundle.swift */; };
		9F19010328808DC10078DB6C /* Leaf.swift in Sources */ = {isa = PBXBuildFile; fileRef = 9F1900F328808DC00078DB6C /* Leaf.swift */; };
		9F19010528808DC10078DB6C /* GenAtom.swift in Sources */ = {isa = PBXBuildFile; fileRef = 9F1900F528808DC00078DB6C /* GenAtom.swift */; };
		9F19010628808DC10078DB6C /* LinkPort.swift in Sources */ = {isa = PBXBuildFile; fileRef = 9F1900F628808DC00078DB6C /* LinkPort.swift */; };
		9F19010728808DC10078DB6C /* Tunnel.swift in Sources */ = {isa = PBXBuildFile; fileRef = 9F1900F728808DC10078DB6C /* Tunnel.swift */; };
		9F19010B28808EC90078DB6C /* Splitter.swift in Sources */ = {isa = PBXBuildFile; fileRef = 9F19010A28808EC90078DB6C /* Splitter.swift */; };
		9F19010D28808EE70078DB6C /* Share.swift in Sources */ = {isa = PBXBuildFile; fileRef = 9F19010C28808EE70078DB6C /* Share.swift */; };
		9F19010F28808EF80078DB6C /* MultiPort.swift in Sources */ = {isa = PBXBuildFile; fileRef = 9F19010E28808EF80078DB6C /* MultiPort.swift */; };
		9F19011128808F070078DB6C /* Port.swift in Sources */ = {isa = PBXBuildFile; fileRef = 9F19011028808F070078DB6C /* Port.swift */; };
		9F19011D288090240078DB6C /* InspecSCNVector3.swift in Sources */ = {isa = PBXBuildFile; fileRef = 9F190113288090240078DB6C /* InspecSCNVector3.swift */; };
		9F19011F288090240078DB6C /* InspecAllClasses.swift in Sources */ = {isa = PBXBuildFile; fileRef = 9F190115288090240078DB6C /* InspecAllClasses.swift */; };
		9F190121288090240078DB6C /* LinkVew.swift in Sources */ = {isa = PBXBuildFile; fileRef = 9F190117288090240078DB6C /* LinkVew.swift */; };
		9F190122288090240078DB6C /* InspecBase.swift in Sources */ = {isa = PBXBuildFile; fileRef = 9F190118288090240078DB6C /* InspecBase.swift */; };
		9F19CA32285EA5090072C50E /* Simulator.swift in Sources */ = {isa = PBXBuildFile; fileRef = 9F19CA31285EA5090072C50E /* Simulator.swift */; };
		9F19CA35285EB0730072C50E /* PartBase.swift in Sources */ = {isa = PBXBuildFile; fileRef = 9F19CA34285EB0730072C50E /* PartBase.swift */; };
		9F19FD9B2D0105EA000851FA /* di-sound.m4a in Resources */ = {isa = PBXBuildFile; fileRef = 9F19FD9A2D0105EA000851FA /* di-sound.m4a */; };
		9F19FD9C2D0105EA000851FA /* di-sound.m4a in Resources */ = {isa = PBXBuildFile; fileRef = 9F19FD9A2D0105EA000851FA /* di-sound.m4a */; };
		9F1E3CE628D926C5004548C9 /* VewBase.swift in Sources */ = {isa = PBXBuildFile; fileRef = 9F1E3CE528D926C5004548C9 /* VewBase.swift */; };
		9F2BC4162B7FE38F0045991D /* XXGestures.swift in Sources */ = {isa = PBXBuildFile; fileRef = 9F3E4A0A28B7A7C4003D450D /* XXGestures.swift */; };
		9F2BC4172B7FE38F0045991D /* XXGestures.swift in Sources */ = {isa = PBXBuildFile; fileRef = 9F3E4A0A28B7A7C4003D450D /* XXGestures.swift */; };
		9F3E49A828B27238003D450D /* EventReceiver.swift in Sources */ = {isa = PBXBuildFile; fileRef = 9F3E49A728B27238003D450D /* EventReceiver.swift */; };
		9F417F0528EB91FE0047B359 /* FactalsTests.swift in Sources */ = {isa = PBXBuildFile; fileRef = 9F417F0428EB91FE0047B359 /* FactalsTests.swift */; };
		9F417F0B28EB93D80047B359 /* LangDeser.swift in Sources */ = {isa = PBXBuildFile; fileRef = 9FEE51AC286BA57900C8C22A /* LangDeser.swift */; };
		9F417F0C28EB93DB0047B359 /* TivoRemote.swift in Sources */ = {isa = PBXBuildFile; fileRef = 9FEE51AD286BA57900C8C22A /* TivoRemote.swift */; };
		9F417F0D28EB93DE0047B359 /* Tests01.swift in Sources */ = {isa = PBXBuildFile; fileRef = 9FEE51AF286BA57A00C8C22A /* Tests01.swift */; };
		9F417F0E28EB93E20047B359 /* TestsFoo.swift in Sources */ = {isa = PBXBuildFile; fileRef = 9FEE522C2879E0CA00C8C22A /* TestsFoo.swift */; };
		9F417F0F28EB93E50047B359 /* Proto.swift in Sources */ = {isa = PBXBuildFile; fileRef = 9FEE51AE286BA57A00C8C22A /* Proto.swift */; };
		9F417F1028EB93E90047B359 /* Library.swift in Sources */ = {isa = PBXBuildFile; fileRef = 9FEE51AB286BA57900C8C22A /* Library.swift */; };
		9F417F1128EB93EC0047B359 /* Dashboard.swift in Sources */ = {isa = PBXBuildFile; fileRef = 9FEE51A8286BA2D700C8C22A /* Dashboard.swift */; };
		9F417F1428EB93FC0047B359 /* Net.swift in Sources */ = {isa = PBXBuildFile; fileRef = 9FEE52242875F84F00C8C22A /* Net.swift */; };
		9F417F1528EB93FF0047B359 /* Actor.swift in Sources */ = {isa = PBXBuildFile; fileRef = 9F1900E828808DC00078DB6C /* Actor.swift */; };
		9F417F1728EB94050047B359 /* Tunnel.swift in Sources */ = {isa = PBXBuildFile; fileRef = 9F1900F728808DC10078DB6C /* Tunnel.swift */; };
		9F417F1828EB94080047B359 /* FwBundle.swift in Sources */ = {isa = PBXBuildFile; fileRef = 9F1900F128808DC00078DB6C /* FwBundle.swift */; };
		9F417F1928EB940D0047B359 /* TimingChain.swift in Sources */ = {isa = PBXBuildFile; fileRef = 9F1900ED28808DC00078DB6C /* TimingChain.swift */; };
		9F417F1A28EB94100047B359 /* DiscreteTime.swift in Sources */ = {isa = PBXBuildFile; fileRef = 9F1900EE28808DC00078DB6C /* DiscreteTime.swift */; };
		9F417F1B28EB94130047B359 /* Generator.swift in Sources */ = {isa = PBXBuildFile; fileRef = 9F1900EF28808DC00078DB6C /* Generator.swift */; };
		9F417F1C28EB94160047B359 /* WorldModel.swift in Sources */ = {isa = PBXBuildFile; fileRef = 9F1900F028808DC00078DB6C /* WorldModel.swift */; };
		9F417F1D28EB941B0047B359 /* CommonLeafs.swift in Sources */ = {isa = PBXBuildFile; fileRef = 9F1900EB28808DC00078DB6C /* CommonLeafs.swift */; };
		9F417F1E28EB941E0047B359 /* Leaf.swift in Sources */ = {isa = PBXBuildFile; fileRef = 9F1900F328808DC00078DB6C /* Leaf.swift */; };
		9F417F1F28EB94210047B359 /* Previous.swift in Sources */ = {isa = PBXBuildFile; fileRef = 9F1900EA28808DC00078DB6C /* Previous.swift */; };
		9F417F2028EB94240047B359 /* MultiLink.swift in Sources */ = {isa = PBXBuildFile; fileRef = 9F1900E928808DC00078DB6C /* MultiLink.swift */; };
		9F417F2128EB94270047B359 /* Link.swift in Sources */ = {isa = PBXBuildFile; fileRef = 9F1900E728808DC00078DB6C /* Link.swift */; };
		9F417F2228EB942A0047B359 /* LinkPort.swift in Sources */ = {isa = PBXBuildFile; fileRef = 9F1900F628808DC00078DB6C /* LinkPort.swift */; };
		9F417F2328EB942E0047B359 /* GenAtom.swift in Sources */ = {isa = PBXBuildFile; fileRef = 9F1900F528808DC00078DB6C /* GenAtom.swift */; };
		9F417F2528EB94350047B359 /* CommonAtoms.swift in Sources */ = {isa = PBXBuildFile; fileRef = 9FEE52282876023A00C8C22A /* CommonAtoms.swift */; };
		9F417F2628EB94380047B359 /* Splitter.swift in Sources */ = {isa = PBXBuildFile; fileRef = 9F19010A28808EC90078DB6C /* Splitter.swift */; };
		9F417F2728EB943D0047B359 /* Atom.swift in Sources */ = {isa = PBXBuildFile; fileRef = 9FEE52262875FEE200C8C22A /* Atom.swift */; };
		9F417F2828EB94410047B359 /* Share.swift in Sources */ = {isa = PBXBuildFile; fileRef = 9F19010C28808EE70078DB6C /* Share.swift */; };
		9F417F2928EB94450047B359 /* MultiPort.swift in Sources */ = {isa = PBXBuildFile; fileRef = 9F19010E28808EF80078DB6C /* MultiPort.swift */; };
		9F417F2A28EB94470047B359 /* Port.swift in Sources */ = {isa = PBXBuildFile; fileRef = 9F19011028808F070078DB6C /* Port.swift */; };
		9F417F2B28EB944A0047B359 /* CommonParts.swift in Sources */ = {isa = PBXBuildFile; fileRef = 9FEE522A287602B400C8C22A /* CommonParts.swift */; };
		9F417F2C28EB944D0047B359 /* PartBase.swift in Sources */ = {isa = PBXBuildFile; fileRef = 9F19CA34285EB0730072C50E /* PartBase.swift */; };
		9F417F2D28EB94500047B359 /* Part.swift in Sources */ = {isa = PBXBuildFile; fileRef = 9F4A3AD9288B386300574925 /* Part.swift */; };
		9F417F2E28EB94530047B359 /* PolyWrap.swift in Sources */ = {isa = PBXBuildFile; fileRef = 9FEE51A4286B958700C8C22A /* PolyWrap.swift */; };
		9F417F2F28EB94580047B359 /* SubPart.swift in Sources */ = {isa = PBXBuildFile; fileRef = 9FEE519E286B507500C8C22A /* SubPart.swift */; };
		9F417F3028EB94650047B359 /* Vew.swift in Sources */ = {isa = PBXBuildFile; fileRef = 9FEE6FD72841A70E00E9E2AE /* Vew.swift */; };
		9F417F3128EB94680047B359 /* VewConfig.swift in Sources */ = {isa = PBXBuildFile; fileRef = 9F6B9AB628E6711600E23DEC /* VewConfig.swift */; };
		9F417F3228EB946B0047B359 /* VewBase.swift in Sources */ = {isa = PBXBuildFile; fileRef = 9F1E3CE528D926C5004548C9 /* VewBase.swift */; };
		9F417F3328EB946E0047B359 /* LinkVew.swift in Sources */ = {isa = PBXBuildFile; fileRef = 9F190117288090240078DB6C /* LinkVew.swift */; };
		9F417F3428EB94710047B359 /* InspecAllClasses.swift in Sources */ = {isa = PBXBuildFile; fileRef = 9F190115288090240078DB6C /* InspecAllClasses.swift */; };
		9F417F3528EB94740047B359 /* InspecBase.swift in Sources */ = {isa = PBXBuildFile; fileRef = 9F190118288090240078DB6C /* InspecBase.swift */; };
		9F417F3728EB947A0047B359 /* InspecSCNVector3.swift in Sources */ = {isa = PBXBuildFile; fileRef = 9F190113288090240078DB6C /* InspecSCNVector3.swift */; };
		9F417F3928EB94A80047B359 /* FactalsApp.swift in Sources */ = {isa = PBXBuildFile; fileRef = 9FEE6F152835778A00E9E2AE /* FactalsApp.swift */; };
		9F417F3A28EB94B30047B359 /* FactalsDocument.swift in Sources */ = {isa = PBXBuildFile; fileRef = 9FEE6F172835778A00E9E2AE /* FactalsDocument.swift */; };
		9F417F3B28EB94B60047B359 /* ContentView.swift in Sources */ = {isa = PBXBuildFile; fileRef = 9FEE6F192835778A00E9E2AE /* ContentView.swift */; };
		9F417F3C28EB94BA0047B359 /* EventReceiver.swift in Sources */ = {isa = PBXBuildFile; fileRef = 9F3E49A728B27238003D450D /* EventReceiver.swift */; };
		9F417F3E28EB94C10047B359 /* FactalsModel.swift in Sources */ = {isa = PBXBuildFile; fileRef = 9FEE521628720A2300C8C22A /* FactalsModel.swift */; };
		9F417F4228EB94CE0047B359 /* SelfiePole.swift in Sources */ = {isa = PBXBuildFile; fileRef = 9F581E6C28CAD4F1003107E8 /* SelfiePole.swift */; };
		9F417F4328EB94D10047B359 /* FactalsStatus.swift in Sources */ = {isa = PBXBuildFile; fileRef = 9F0295CD288091EF00DD0004 /* FactalsStatus.swift */; };
		9F417F4428EB94D40047B359 /* Simulator.swift in Sources */ = {isa = PBXBuildFile; fileRef = 9F19CA31285EA5090072C50E /* Simulator.swift */; };
		9F417F4528EB94D80047B359 /* Log.swift in Sources */ = {isa = PBXBuildFile; fileRef = 9FEE51A1286B8F5B00C8C22A /* Log.swift */; };
		9F417F4628EB94DB0047B359 /* FilteredLog.swift in Sources */ = {isa = PBXBuildFile; fileRef = 9FEE51A0286B8F5B00C8C22A /* FilteredLog.swift */; };
		9F417F4728EB94DF0047B359 /* Sound.swift in Sources */ = {isa = PBXBuildFile; fileRef = 9F0295D22880923000DD0004 /* Sound.swift */; };
		9F417F4828EB94EE0047B359 /* FwwEvent.swift in Sources */ = {isa = PBXBuildFile; fileRef = 9F0295D72880926D00DD0004 /* FwwEvent.swift */; };
		9F417F4928EB94FD0047B359 /* Self++.swift in Sources */ = {isa = PBXBuildFile; fileRef = 9F0295D62880926D00DD0004 /* Self++.swift */; };
		9F417F4A28EB952A0047B359 /* Path.swift in Sources */ = {isa = PBXBuildFile; fileRef = 9FEE52202874AB7300C8C22A /* Path.swift */; };
		9F417F4C28EB95310047B359 /* FwTypes.swift in Sources */ = {isa = PBXBuildFile; fileRef = 9F0295DA2880928600DD0004 /* FwTypes.swift */; };
		9F417F4D28EB95350047B359 /* Fw++.swift in Sources */ = {isa = PBXBuildFile; fileRef = 9FE1AF0B2852971400A56193 /* Fw++.swift */; };
		9F417F4E28EB95390047B359 /* BBox.swift in Sources */ = {isa = PBXBuildFile; fileRef = 9FEE51BF286BCF0A00C8C22A /* BBox.swift */; };
		9F417F5028EB95420047B359 /* SwiftUI++.swift in Sources */ = {isa = PBXBuildFile; fileRef = 9F969540288B4E8800106DBC /* SwiftUI++.swift */; };
		9F417F5128EB95450047B359 /* SCNNode++.swift in Sources */ = {isa = PBXBuildFile; fileRef = 9FEE70A8284318B500E9E2AE /* SCNNode++.swift */; };
		9F417F5228EB954A0047B359 /* SCNGeometry++.swift in Sources */ = {isa = PBXBuildFile; fileRef = 9FEE51B9286BAF2E00C8C22A /* SCNGeometry++.swift */; };
		9F417F5328EB954F0047B359 /* SCNMatrix++.swift in Sources */ = {isa = PBXBuildFile; fileRef = 9FEE51BA286BAF2E00C8C22A /* SCNMatrix++.swift */; };
		9F417F5428EB95520047B359 /* SCNVector++.swift in Sources */ = {isa = PBXBuildFile; fileRef = 9FEE51BB286BAF2E00C8C22A /* SCNVector++.swift */; };
		9F417F5528EB95550047B359 /* Equatable.swift in Sources */ = {isa = PBXBuildFile; fileRef = 9F0295DC288092F800DD0004 /* Equatable.swift */; };
		9F417F5628EB95590047B359 /* CG++.swift in Sources */ = {isa = PBXBuildFile; fileRef = 9F0295DE2880932200DD0004 /* CG++.swift */; };
		9F417F5728EB955C0047B359 /* NSColor++.swift in Sources */ = {isa = PBXBuildFile; fileRef = 9FEE52222874D9A100C8C22A /* NSColor++.swift */; };
		9F417F5828EB955F0047B359 /* Random.swift in Sources */ = {isa = PBXBuildFile; fileRef = 9FEE51B5286BA61000C8C22A /* Random.swift */; };
		9F417F5928EB95620047B359 /* Uid.swift in Sources */ = {isa = PBXBuildFile; fileRef = 9FEE51B6286BA61000C8C22A /* Uid.swift */; };
		9F417F5A28EB95650047B359 /* CommonErrors.swift in Sources */ = {isa = PBXBuildFile; fileRef = 9FEE51A6286B962300C8C22A /* CommonErrors.swift */; };
		9F417F5B28EB956A0047B359 /* LldbInit.swift in Sources */ = {isa = PBXBuildFile; fileRef = 9FEE521E2874A42000C8C22A /* LldbInit.swift */; };
		9F417F5C28EB956E0047B359 /* LLDBInitFile in Resources */ = {isa = PBXBuildFile; fileRef = 9F65A4AC28E0999700BC615D /* LLDBInitFile */; };
		9F458C752D693CD700E65B82 /* Branch.swift in Sources */ = {isa = PBXBuildFile; fileRef = 9F458C742D693CD000E65B82 /* Branch.swift */; };
		9F458C762D693CD700E65B82 /* Branch.swift in Sources */ = {isa = PBXBuildFile; fileRef = 9F458C742D693CD000E65B82 /* Branch.swift */; };
		9F4A3ADA288B386300574925 /* Part.swift in Sources */ = {isa = PBXBuildFile; fileRef = 9F4A3AD9288B386300574925 /* Part.swift */; };
		9F4A3ADB288B396800574925 /* Fw++.swift in Sources */ = {isa = PBXBuildFile; fileRef = 9FE1AF0B2852971400A56193 /* Fw++.swift */; };
		9F581E6D28CAD4F1003107E8 /* SelfiePole.swift in Sources */ = {isa = PBXBuildFile; fileRef = 9F581E6C28CAD4F1003107E8 /* SelfiePole.swift */; };
		9F5996452C5E8E290013EBF3 /* Gui.swift in Sources */ = {isa = PBXBuildFile; fileRef = 9F5996442C5E8E290013EBF3 /* Gui.swift */; };
		9F5996462C5E8E290013EBF3 /* Gui.swift in Sources */ = {isa = PBXBuildFile; fileRef = 9F5996442C5E8E290013EBF3 /* Gui.swift */; };
		9F5AE2D0298C3C4B00EF6B20 /* ScnBase.swift in Sources */ = {isa = PBXBuildFile; fileRef = 9F5AE2CF298C3C4B00EF6B20 /* ScnBase.swift */; };
		9F5AE2D1298C3C4B00EF6B20 /* ScnBase.swift in Sources */ = {isa = PBXBuildFile; fileRef = 9F5AE2CF298C3C4B00EF6B20 /* ScnBase.swift */; };
		9F65A4AD28E0999700BC615D /* LLDBInitFile in Resources */ = {isa = PBXBuildFile; fileRef = 9F65A4AC28E0999700BC615D /* LLDBInitFile */; };
		9F675ADA2A2F6D45006370E6 /* SelfiePoleBar.swift in Sources */ = {isa = PBXBuildFile; fileRef = 9FAD595E29A2775A0065406B /* SelfiePoleBar.swift */; };
		9F675ADB2A2F6D6B006370E6 /* FactalsModelBar.swift in Sources */ = {isa = PBXBuildFile; fileRef = 9F9AC6A3299C7C6000CDEB08 /* FactalsModelBar.swift */; };
		9F675AE02A2F744A006370E6 /* art.scnassets in Resources */ = {isa = PBXBuildFile; fileRef = 9FEE6F272837C54E00E9E2AE /* art.scnassets */; };
		9F675AE12A2F744F006370E6 /* Assets.xcassets in Resources */ = {isa = PBXBuildFile; fileRef = 9FEE6F1B2835779000E9E2AE /* Assets.xcassets */; };
		9F6B946C2B8A5073007A14E5 /* SceneKitView.swift in Sources */ = {isa = PBXBuildFile; fileRef = 9F6B946B2B8A5073007A14E5 /* SceneKitView.swift */; };
		9F6B9AB728E6711600E23DEC /* VewConfig.swift in Sources */ = {isa = PBXBuildFile; fileRef = 9F6B9AB628E6711600E23DEC /* VewConfig.swift */; };
		9F84C9EE2AF2BFAA002BD0C1 /* ShaftBundleTap.swift in Sources */ = {isa = PBXBuildFile; fileRef = 9F84C9ED2AF2BFAA002BD0C1 /* ShaftBundleTap.swift */; };
		9F84C9EF2AF2BFAA002BD0C1 /* ShaftBundleTap.swift in Sources */ = {isa = PBXBuildFile; fileRef = 9F84C9ED2AF2BFAA002BD0C1 /* ShaftBundleTap.swift */; };
		9F84C9F12AF2FDC6002BD0C1 /* BundleTap.swift in Sources */ = {isa = PBXBuildFile; fileRef = 9F84C9F02AF2FDC6002BD0C1 /* BundleTap.swift */; };
		9F84C9F22AF2FDC6002BD0C1 /* BundleTap.swift in Sources */ = {isa = PBXBuildFile; fileRef = 9F84C9F02AF2FDC6002BD0C1 /* BundleTap.swift */; };
		9F96952F288B3B2800106DBC /* Net.swift in Sources */ = {isa = PBXBuildFile; fileRef = 9FEE52242875F84F00C8C22A /* Net.swift */; };
		9F969530288B3DF500106DBC /* Vew.swift in Sources */ = {isa = PBXBuildFile; fileRef = 9FEE6FD72841A70E00E9E2AE /* Vew.swift */; };
		9F969531288B3F8E00106DBC /* Atom.swift in Sources */ = {isa = PBXBuildFile; fileRef = 9FEE52262875FEE200C8C22A /* Atom.swift */; };
		9F969541288B4E8800106DBC /* SwiftUI++.swift in Sources */ = {isa = PBXBuildFile; fileRef = 9F969540288B4E8800106DBC /* SwiftUI++.swift */; };
		9F9AC6A4299C7C6000CDEB08 /* FactalsModelBar.swift in Sources */ = {isa = PBXBuildFile; fileRef = 9F9AC6A3299C7C6000CDEB08 /* FactalsModelBar.swift */; };
		9F9AF6712E3DA738004E4F79 /* RealityKitView.swift in Sources */ = {isa = PBXBuildFile; fileRef = 9F9AF6702E3DA738004E4F79 /* RealityKitView.swift */; };
		9F9AF6722E3DA738004E4F79 /* RealityKitView.swift in Sources */ = {isa = PBXBuildFile; fileRef = 9F9AF6702E3DA738004E4F79 /* RealityKitView.swift */; };
		9F9AF68E2E3E2DC5004E4F79 /* RealityKitShapes.swift in Sources */ = {isa = PBXBuildFile; fileRef = 9F9AF68D2E3E2DBD004E4F79 /* RealityKitShapes.swift */; };
		9F9AF68F2E3E2DC5004E4F79 /* RealityKitShapes.swift in Sources */ = {isa = PBXBuildFile; fileRef = 9F9AF68D2E3E2DBD004E4F79 /* RealityKitShapes.swift */; };
		9FA1E4B92939AFF10012E02F /* VewBaseBar.swift in Sources */ = {isa = PBXBuildFile; fileRef = 9FBD6E4629258E2500F14075 /* VewBaseBar.swift */; };
		9FAD595F29A2775A0065406B /* SelfiePoleBar.swift in Sources */ = {isa = PBXBuildFile; fileRef = 9FAD595E29A2775A0065406B /* SelfiePoleBar.swift */; };
		9FBD6E4729258E2500F14075 /* VewBaseBar.swift in Sources */ = {isa = PBXBuildFile; fileRef = 9FBD6E4629258E2500F14075 /* VewBaseBar.swift */; };
		9FC4AAEA2B9CCFCB0094B06A /* SceneKitView.swift in Sources */ = {isa = PBXBuildFile; fileRef = 9F6B946B2B8A5073007A14E5 /* SceneKitView.swift */; };
		9FDE5DA52C29C23A001D4A73 /* Book.swift in Sources */ = {isa = PBXBuildFile; fileRef = 9FDE5DA42C29C23A001D4A73 /* Book.swift */; };
		9FDE5DA62C29C23A001D4A73 /* Book.swift in Sources */ = {isa = PBXBuildFile; fileRef = 9FDE5DA42C29C23A001D4A73 /* Book.swift */; };
		9FDF886829ACFA1700776ABB /* DebugAids.swift in Sources */ = {isa = PBXBuildFile; fileRef = 9FDF886729ACFA1700776ABB /* DebugAids.swift */; };
		9FEE519F286B507600C8C22A /* SubPart.swift in Sources */ = {isa = PBXBuildFile; fileRef = 9FEE519E286B507500C8C22A /* SubPart.swift */; };
		9FEE51A2286B8F5B00C8C22A /* FilteredLog.swift in Sources */ = {isa = PBXBuildFile; fileRef = 9FEE51A0286B8F5B00C8C22A /* FilteredLog.swift */; };
		9FEE51A3286B8F5B00C8C22A /* Log.swift in Sources */ = {isa = PBXBuildFile; fileRef = 9FEE51A1286B8F5B00C8C22A /* Log.swift */; };
		9FEE51A5286B958700C8C22A /* PolyWrap.swift in Sources */ = {isa = PBXBuildFile; fileRef = 9FEE51A4286B958700C8C22A /* PolyWrap.swift */; };
		9FEE51A7286B962300C8C22A /* CommonErrors.swift in Sources */ = {isa = PBXBuildFile; fileRef = 9FEE51A6286B962300C8C22A /* CommonErrors.swift */; };
		9FEE51A9286BA2D700C8C22A /* Dashboard.swift in Sources */ = {isa = PBXBuildFile; fileRef = 9FEE51A8286BA2D700C8C22A /* Dashboard.swift */; };
		9FEE51B0286BA57A00C8C22A /* Library.swift in Sources */ = {isa = PBXBuildFile; fileRef = 9FEE51AB286BA57900C8C22A /* Library.swift */; };
		9FEE51B1286BA57A00C8C22A /* LangDeser.swift in Sources */ = {isa = PBXBuildFile; fileRef = 9FEE51AC286BA57900C8C22A /* LangDeser.swift */; };
		9FEE51B2286BA57A00C8C22A /* TivoRemote.swift in Sources */ = {isa = PBXBuildFile; fileRef = 9FEE51AD286BA57900C8C22A /* TivoRemote.swift */; };
		9FEE51B3286BA57A00C8C22A /* Proto.swift in Sources */ = {isa = PBXBuildFile; fileRef = 9FEE51AE286BA57A00C8C22A /* Proto.swift */; };
		9FEE51B4286BA57A00C8C22A /* Tests01.swift in Sources */ = {isa = PBXBuildFile; fileRef = 9FEE51AF286BA57A00C8C22A /* Tests01.swift */; };
		9FEE51B7286BA61000C8C22A /* Random.swift in Sources */ = {isa = PBXBuildFile; fileRef = 9FEE51B5286BA61000C8C22A /* Random.swift */; };
		9FEE51B8286BA61000C8C22A /* Uid.swift in Sources */ = {isa = PBXBuildFile; fileRef = 9FEE51B6286BA61000C8C22A /* Uid.swift */; };
		9FEE51BC286BAF2E00C8C22A /* SCNGeometry++.swift in Sources */ = {isa = PBXBuildFile; fileRef = 9FEE51B9286BAF2E00C8C22A /* SCNGeometry++.swift */; };
		9FEE51BD286BAF2E00C8C22A /* SCNMatrix++.swift in Sources */ = {isa = PBXBuildFile; fileRef = 9FEE51BA286BAF2E00C8C22A /* SCNMatrix++.swift */; };
		9FEE51BE286BAF2E00C8C22A /* SCNVector++.swift in Sources */ = {isa = PBXBuildFile; fileRef = 9FEE51BB286BAF2E00C8C22A /* SCNVector++.swift */; };
		9FEE51C0286BCF0A00C8C22A /* BBox.swift in Sources */ = {isa = PBXBuildFile; fileRef = 9FEE51BF286BCF0A00C8C22A /* BBox.swift */; };
		9FEE521728720A2300C8C22A /* FactalsModel.swift in Sources */ = {isa = PBXBuildFile; fileRef = 9FEE521628720A2300C8C22A /* FactalsModel.swift */; };
		9FEE521F2874A42000C8C22A /* LldbInit.swift in Sources */ = {isa = PBXBuildFile; fileRef = 9FEE521E2874A42000C8C22A /* LldbInit.swift */; };
		9FEE52212874AB7300C8C22A /* Path.swift in Sources */ = {isa = PBXBuildFile; fileRef = 9FEE52202874AB7300C8C22A /* Path.swift */; };
		9FEE52232874D9A100C8C22A /* NSColor++.swift in Sources */ = {isa = PBXBuildFile; fileRef = 9FEE52222874D9A100C8C22A /* NSColor++.swift */; };
		9FEE52292876023A00C8C22A /* CommonAtoms.swift in Sources */ = {isa = PBXBuildFile; fileRef = 9FEE52282876023A00C8C22A /* CommonAtoms.swift */; };
		9FEE522B287602B400C8C22A /* CommonParts.swift in Sources */ = {isa = PBXBuildFile; fileRef = 9FEE522A287602B400C8C22A /* CommonParts.swift */; };
		9FEE522D2879E0CA00C8C22A /* TestsFoo.swift in Sources */ = {isa = PBXBuildFile; fileRef = 9FEE522C2879E0CA00C8C22A /* TestsFoo.swift */; };
		9FEE6F162835778A00E9E2AE /* FactalsApp.swift in Sources */ = {isa = PBXBuildFile; fileRef = 9FEE6F152835778A00E9E2AE /* FactalsApp.swift */; };
		9FEE6F182835778A00E9E2AE /* FactalsDocument.swift in Sources */ = {isa = PBXBuildFile; fileRef = 9FEE6F172835778A00E9E2AE /* FactalsDocument.swift */; };
		9FEE6F1A2835778A00E9E2AE /* ContentView.swift in Sources */ = {isa = PBXBuildFile; fileRef = 9FEE6F192835778A00E9E2AE /* ContentView.swift */; };
		9FEE6F1C2835779000E9E2AE /* Assets.xcassets in Resources */ = {isa = PBXBuildFile; fileRef = 9FEE6F1B2835779000E9E2AE /* Assets.xcassets */; };
		9FEE6F1F2835779000E9E2AE /* Preview Assets.xcassets in Resources */ = {isa = PBXBuildFile; fileRef = 9FEE6F1E2835779000E9E2AE /* Preview Assets.xcassets */; };
		9FEE6F282837C54E00E9E2AE /* art.scnassets in Resources */ = {isa = PBXBuildFile; fileRef = 9FEE6F272837C54E00E9E2AE /* art.scnassets */; };
		9FEE70A9284318B500E9E2AE /* SCNNode++.swift in Sources */ = {isa = PBXBuildFile; fileRef = 9FEE70A8284318B500E9E2AE /* SCNNode++.swift */; };
/* End PBXBuildFile section */

/* Begin PBXContainerItemProxy section */
		9F417F0628EB91FE0047B359 /* PBXContainerItemProxy */ = {
			isa = PBXContainerItemProxy;
			containerPortal = 9FEE6F0A2835778A00E9E2AE /* Project object */;
			proxyType = 1;
			remoteGlobalIDString = 9FEE6F112835778A00E9E2AE;
			remoteInfo = FooDocTry3;
		};
/* End PBXContainerItemProxy section */

/* Begin PBXFileReference section */
		9F019EEF2D20F0FA0064F58C /* PortSound.swift */ = {isa = PBXFileReference; lastKnownFileType = sourcecode.swift; path = PortSound.swift; sourceTree = "<group>"; };
		9F0295CD288091EF00DD0004 /* FactalsStatus.swift */ = {isa = PBXFileReference; fileEncoding = 4; lastKnownFileType = sourcecode.swift; path = FactalsStatus.swift; sourceTree = "<group>"; };
		9F0295D22880923000DD0004 /* Sound.swift */ = {isa = PBXFileReference; fileEncoding = 4; lastKnownFileType = sourcecode.swift; path = Sound.swift; sourceTree = "<group>"; };
		9F0295D62880926D00DD0004 /* Self++.swift */ = {isa = PBXFileReference; fileEncoding = 4; lastKnownFileType = sourcecode.swift; path = "Self++.swift"; sourceTree = "<group>"; };
		9F0295D72880926D00DD0004 /* FwwEvent.swift */ = {isa = PBXFileReference; fileEncoding = 4; lastKnownFileType = sourcecode.swift; path = FwwEvent.swift; sourceTree = "<group>"; };
		9F0295DA2880928600DD0004 /* FwTypes.swift */ = {isa = PBXFileReference; fileEncoding = 4; lastKnownFileType = sourcecode.swift; path = FwTypes.swift; sourceTree = "<group>"; };
		9F0295DC288092F800DD0004 /* Equatable.swift */ = {isa = PBXFileReference; fileEncoding = 4; lastKnownFileType = sourcecode.swift; path = Equatable.swift; sourceTree = "<group>"; };
		9F0295DE2880932200DD0004 /* CG++.swift */ = {isa = PBXFileReference; fileEncoding = 4; lastKnownFileType = sourcecode.swift; path = "CG++.swift"; sourceTree = "<group>"; };
		9F0295E02880936400DD0004 /* Factals-Bridging-Header.h */ = {isa = PBXFileReference; lastKnownFileType = sourcecode.c.h; path = "Factals-Bridging-Header.h"; sourceTree = "<group>"; };
		9F0295E12880936400DD0004 /* XXXSwiftTryCatch.h */ = {isa = PBXFileReference; fileEncoding = 4; lastKnownFileType = sourcecode.c.h; path = XXXSwiftTryCatch.h; sourceTree = "<group>"; };
		9F0295E22880936400DD0004 /* XXXNSObject+MachineTrap.h */ = {isa = PBXFileReference; fileEncoding = 4; lastKnownFileType = sourcecode.c.h; path = "XXXNSObject+MachineTrap.h"; sourceTree = "<group>"; };
		9F0295E32880936400DD0004 /* SwiftFactalsTests-Bridging-Header.h */ = {isa = PBXFileReference; fileEncoding = 4; lastKnownFileType = sourcecode.c.h; path = "SwiftFactalsTests-Bridging-Header.h"; sourceTree = "<group>"; };
		9F0295E42880936400DD0004 /* XXXSwiftTryCatch.m */ = {isa = PBXFileReference; fileEncoding = 4; lastKnownFileType = sourcecode.c.objc; path = XXXSwiftTryCatch.m; sourceTree = "<group>"; };
		9F132F822DBECD9700E28189 /* Chanty.swift */ = {isa = PBXFileReference; lastKnownFileType = sourcecode.swift; path = Chanty.swift; sourceTree = "<group>"; };
		9F1900E728808DC00078DB6C /* Link.swift */ = {isa = PBXFileReference; fileEncoding = 4; lastKnownFileType = sourcecode.swift; path = Link.swift; sourceTree = "<group>"; };
		9F1900E828808DC00078DB6C /* Actor.swift */ = {isa = PBXFileReference; fileEncoding = 4; lastKnownFileType = sourcecode.swift; path = Actor.swift; sourceTree = "<group>"; };
		9F1900E928808DC00078DB6C /* MultiLink.swift */ = {isa = PBXFileReference; fileEncoding = 4; lastKnownFileType = sourcecode.swift; path = MultiLink.swift; sourceTree = "<group>"; };
		9F1900EA28808DC00078DB6C /* Previous.swift */ = {isa = PBXFileReference; fileEncoding = 4; lastKnownFileType = sourcecode.swift; path = Previous.swift; sourceTree = "<group>"; };
		9F1900EB28808DC00078DB6C /* CommonLeafs.swift */ = {isa = PBXFileReference; fileEncoding = 4; lastKnownFileType = sourcecode.swift; path = CommonLeafs.swift; sourceTree = "<group>"; };
		9F1900ED28808DC00078DB6C /* TimingChain.swift */ = {isa = PBXFileReference; fileEncoding = 4; lastKnownFileType = sourcecode.swift; path = TimingChain.swift; sourceTree = "<group>"; };
		9F1900EE28808DC00078DB6C /* DiscreteTime.swift */ = {isa = PBXFileReference; fileEncoding = 4; lastKnownFileType = sourcecode.swift; path = DiscreteTime.swift; sourceTree = "<group>"; };
		9F1900EF28808DC00078DB6C /* Generator.swift */ = {isa = PBXFileReference; fileEncoding = 4; lastKnownFileType = sourcecode.swift; path = Generator.swift; sourceTree = "<group>"; };
		9F1900F028808DC00078DB6C /* WorldModel.swift */ = {isa = PBXFileReference; fileEncoding = 4; lastKnownFileType = sourcecode.swift; path = WorldModel.swift; sourceTree = "<group>"; };
		9F1900F128808DC00078DB6C /* FwBundle.swift */ = {isa = PBXFileReference; fileEncoding = 4; lastKnownFileType = sourcecode.swift; path = FwBundle.swift; sourceTree = "<group>"; };
		9F1900F328808DC00078DB6C /* Leaf.swift */ = {isa = PBXFileReference; fileEncoding = 4; lastKnownFileType = sourcecode.swift; path = Leaf.swift; sourceTree = "<group>"; };
		9F1900F528808DC00078DB6C /* GenAtom.swift */ = {isa = PBXFileReference; fileEncoding = 4; lastKnownFileType = sourcecode.swift; path = GenAtom.swift; sourceTree = "<group>"; };
		9F1900F628808DC00078DB6C /* LinkPort.swift */ = {isa = PBXFileReference; fileEncoding = 4; lastKnownFileType = sourcecode.swift; path = LinkPort.swift; sourceTree = "<group>"; };
		9F1900F728808DC10078DB6C /* Tunnel.swift */ = {isa = PBXFileReference; fileEncoding = 4; lastKnownFileType = sourcecode.swift; path = Tunnel.swift; sourceTree = "<group>"; };
		9F19010A28808EC90078DB6C /* Splitter.swift */ = {isa = PBXFileReference; fileEncoding = 4; lastKnownFileType = sourcecode.swift; path = Splitter.swift; sourceTree = "<group>"; };
		9F19010C28808EE70078DB6C /* Share.swift */ = {isa = PBXFileReference; fileEncoding = 4; lastKnownFileType = sourcecode.swift; path = Share.swift; sourceTree = "<group>"; };
		9F19010E28808EF80078DB6C /* MultiPort.swift */ = {isa = PBXFileReference; fileEncoding = 4; lastKnownFileType = sourcecode.swift; path = MultiPort.swift; sourceTree = "<group>"; };
		9F19011028808F070078DB6C /* Port.swift */ = {isa = PBXFileReference; fileEncoding = 4; lastKnownFileType = sourcecode.swift; path = Port.swift; sourceTree = "<group>"; };
		9F190113288090240078DB6C /* InspecSCNVector3.swift */ = {isa = PBXFileReference; fileEncoding = 4; lastKnownFileType = sourcecode.swift; path = InspecSCNVector3.swift; sourceTree = "<group>"; };
		9F190115288090240078DB6C /* InspecAllClasses.swift */ = {isa = PBXFileReference; fileEncoding = 4; lastKnownFileType = sourcecode.swift; path = InspecAllClasses.swift; sourceTree = "<group>"; };
		9F190117288090240078DB6C /* LinkVew.swift */ = {isa = PBXFileReference; fileEncoding = 4; lastKnownFileType = sourcecode.swift; path = LinkVew.swift; sourceTree = "<group>"; };
		9F190118288090240078DB6C /* InspecBase.swift */ = {isa = PBXFileReference; fileEncoding = 4; lastKnownFileType = sourcecode.swift; path = InspecBase.swift; sourceTree = "<group>"; };
		9F19CA31285EA5090072C50E /* Simulator.swift */ = {isa = PBXFileReference; fileEncoding = 4; lastKnownFileType = sourcecode.swift; path = Simulator.swift; sourceTree = "<group>"; };
		9F19CA34285EB0730072C50E /* PartBase.swift */ = {isa = PBXFileReference; fileEncoding = 4; lastKnownFileType = sourcecode.swift; path = PartBase.swift; sourceTree = "<group>"; };
		9F19FD9A2D0105EA000851FA /* di-sound.m4a */ = {isa = PBXFileReference; lastKnownFileType = file; path = "di-sound.m4a"; sourceTree = "<group>"; };
		9F1E3CE528D926C5004548C9 /* VewBase.swift */ = {isa = PBXFileReference; lastKnownFileType = sourcecode.swift; path = VewBase.swift; sourceTree = "<group>"; };
		9F369DD6287C68F700196211 /* README.md */ = {isa = PBXFileReference; lastKnownFileType = net.daringfireball.markdown; path = README.md; sourceTree = "<group>"; };
		9F3E49A728B27238003D450D /* EventReceiver.swift */ = {isa = PBXFileReference; fileEncoding = 4; lastKnownFileType = sourcecode.swift; path = EventReceiver.swift; sourceTree = "<group>"; };
		9F3E4A0A28B7A7C4003D450D /* XXGestures.swift */ = {isa = PBXFileReference; lastKnownFileType = sourcecode.swift; path = XXGestures.swift; sourceTree = "<group>"; };
		9F417F0228EB91FE0047B359 /* FactalsTests.xctest */ = {isa = PBXFileReference; explicitFileType = wrapper.cfbundle; includeInIndex = 0; path = FactalsTests.xctest; sourceTree = BUILT_PRODUCTS_DIR; };
		9F417F0428EB91FE0047B359 /* FactalsTests.swift */ = {isa = PBXFileReference; lastKnownFileType = sourcecode.swift; path = FactalsTests.swift; sourceTree = "<group>"; };
		9F417F5E28EDB10A0047B359 /* TO_DO.md */ = {isa = PBXFileReference; lastKnownFileType = net.daringfireball.markdown; name = TO_DO.md; path = Docs/TO_DO.md; sourceTree = "<group>"; };
		9F458C742D693CD000E65B82 /* Branch.swift */ = {isa = PBXFileReference; lastKnownFileType = sourcecode.swift; path = Branch.swift; sourceTree = "<group>"; };
		9F4A3AD9288B386300574925 /* Part.swift */ = {isa = PBXFileReference; fileEncoding = 4; lastKnownFileType = sourcecode.swift; path = Part.swift; sourceTree = "<group>"; };
		9F581E6C28CAD4F1003107E8 /* SelfiePole.swift */ = {isa = PBXFileReference; lastKnownFileType = sourcecode.swift; path = SelfiePole.swift; sourceTree = "<group>"; };
		9F5996442C5E8E290013EBF3 /* Gui.swift */ = {isa = PBXFileReference; lastKnownFileType = sourcecode.swift; path = Gui.swift; sourceTree = "<group>"; };
		9F5AE2CF298C3C4B00EF6B20 /* ScnBase.swift */ = {isa = PBXFileReference; lastKnownFileType = sourcecode.swift; path = ScnBase.swift; sourceTree = "<group>"; };
		9F65A4AC28E0999700BC615D /* LLDBInitFile */ = {isa = PBXFileReference; fileEncoding = 4; lastKnownFileType = text; path = LLDBInitFile; sourceTree = SOURCE_ROOT; };
		9F6B946B2B8A5073007A14E5 /* SceneKitView.swift */ = {isa = PBXFileReference; lastKnownFileType = sourcecode.swift; path = SceneKitView.swift; sourceTree = "<group>"; };
		9F6B9AB628E6711600E23DEC /* VewConfig.swift */ = {isa = PBXFileReference; lastKnownFileType = sourcecode.swift; path = VewConfig.swift; sourceTree = "<group>"; };
		9F84C9ED2AF2BFAA002BD0C1 /* ShaftBundleTap.swift */ = {isa = PBXFileReference; lastKnownFileType = sourcecode.swift; path = ShaftBundleTap.swift; sourceTree = "<group>"; };
		9F84C9F02AF2FDC6002BD0C1 /* BundleTap.swift */ = {isa = PBXFileReference; lastKnownFileType = sourcecode.swift; path = BundleTap.swift; sourceTree = "<group>"; };
		9F969540288B4E8800106DBC /* SwiftUI++.swift */ = {isa = PBXFileReference; lastKnownFileType = sourcecode.swift; path = "SwiftUI++.swift"; sourceTree = "<group>"; };
		9F9AC6A3299C7C6000CDEB08 /* FactalsModelBar.swift */ = {isa = PBXFileReference; lastKnownFileType = sourcecode.swift; path = FactalsModelBar.swift; sourceTree = "<group>"; };
		9F9AF6702E3DA738004E4F79 /* RealityKitView.swift */ = {isa = PBXFileReference; lastKnownFileType = sourcecode.swift; path = RealityKitView.swift; sourceTree = "<group>"; };
		9F9AF68D2E3E2DBD004E4F79 /* RealityKitShapes.swift */ = {isa = PBXFileReference; lastKnownFileType = sourcecode.swift; path = RealityKitShapes.swift; sourceTree = "<group>"; };
		9FAA4A0328524C40009332C9 /* XXXHasChildren.swift */ = {isa = PBXFileReference; lastKnownFileType = sourcecode.swift; path = XXXHasChildren.swift; sourceTree = "<group>"; };
		9FAD595E29A2775A0065406B /* SelfiePoleBar.swift */ = {isa = PBXFileReference; lastKnownFileType = sourcecode.swift; path = SelfiePoleBar.swift; sourceTree = "<group>"; };
		9FBD6E4629258E2500F14075 /* VewBaseBar.swift */ = {isa = PBXFileReference; lastKnownFileType = sourcecode.swift; path = VewBaseBar.swift; sourceTree = "<group>"; };
		9FC31EAB28E0B7820022E536 /* Install.md */ = {isa = PBXFileReference; lastKnownFileType = net.daringfireball.markdown; path = Install.md; sourceTree = "<group>"; };
		9FDBBED628AC45DB00445219 /* PrintBuffer.swift */ = {isa = PBXFileReference; lastKnownFileType = sourcecode.swift; path = PrintBuffer.swift; sourceTree = "<group>"; };
		9FDE5DA42C29C23A001D4A73 /* Book.swift */ = {isa = PBXFileReference; lastKnownFileType = sourcecode.swift; path = Book.swift; sourceTree = "<group>"; };
		9FDF886729ACFA1700776ABB /* DebugAids.swift */ = {isa = PBXFileReference; lastKnownFileType = sourcecode.swift; path = DebugAids.swift; sourceTree = "<group>"; };
		9FE1AF0B2852971400A56193 /* Fw++.swift */ = {isa = PBXFileReference; lastKnownFileType = sourcecode.swift; path = "Fw++.swift"; sourceTree = "<group>"; };
		9FEE519E286B507500C8C22A /* SubPart.swift */ = {isa = PBXFileReference; fileEncoding = 4; lastKnownFileType = sourcecode.swift; path = SubPart.swift; sourceTree = "<group>"; };
		9FEE51A0286B8F5B00C8C22A /* FilteredLog.swift */ = {isa = PBXFileReference; fileEncoding = 4; lastKnownFileType = sourcecode.swift; path = FilteredLog.swift; sourceTree = "<group>"; };
		9FEE51A1286B8F5B00C8C22A /* Log.swift */ = {isa = PBXFileReference; fileEncoding = 4; lastKnownFileType = sourcecode.swift; path = Log.swift; sourceTree = "<group>"; };
		9FEE51A4286B958700C8C22A /* PolyWrap.swift */ = {isa = PBXFileReference; fileEncoding = 4; lastKnownFileType = sourcecode.swift; path = PolyWrap.swift; sourceTree = "<group>"; };
		9FEE51A6286B962300C8C22A /* CommonErrors.swift */ = {isa = PBXFileReference; fileEncoding = 4; lastKnownFileType = sourcecode.swift; path = CommonErrors.swift; sourceTree = "<group>"; };
		9FEE51A8286BA2D700C8C22A /* Dashboard.swift */ = {isa = PBXFileReference; fileEncoding = 4; lastKnownFileType = sourcecode.swift; path = Dashboard.swift; sourceTree = "<group>"; };
		9FEE51AB286BA57900C8C22A /* Library.swift */ = {isa = PBXFileReference; fileEncoding = 4; lastKnownFileType = sourcecode.swift; path = Library.swift; sourceTree = "<group>"; };
		9FEE51AC286BA57900C8C22A /* LangDeser.swift */ = {isa = PBXFileReference; fileEncoding = 4; lastKnownFileType = sourcecode.swift; path = LangDeser.swift; sourceTree = "<group>"; };
		9FEE51AD286BA57900C8C22A /* TivoRemote.swift */ = {isa = PBXFileReference; fileEncoding = 4; lastKnownFileType = sourcecode.swift; path = TivoRemote.swift; sourceTree = "<group>"; };
		9FEE51AE286BA57A00C8C22A /* Proto.swift */ = {isa = PBXFileReference; fileEncoding = 4; lastKnownFileType = sourcecode.swift; path = Proto.swift; sourceTree = "<group>"; };
		9FEE51AF286BA57A00C8C22A /* Tests01.swift */ = {isa = PBXFileReference; fileEncoding = 4; lastKnownFileType = sourcecode.swift; path = Tests01.swift; sourceTree = "<group>"; };
		9FEE51B5286BA61000C8C22A /* Random.swift */ = {isa = PBXFileReference; fileEncoding = 4; lastKnownFileType = sourcecode.swift; path = Random.swift; sourceTree = "<group>"; };
		9FEE51B6286BA61000C8C22A /* Uid.swift */ = {isa = PBXFileReference; fileEncoding = 4; lastKnownFileType = sourcecode.swift; path = Uid.swift; sourceTree = "<group>"; };
		9FEE51B9286BAF2E00C8C22A /* SCNGeometry++.swift */ = {isa = PBXFileReference; fileEncoding = 4; lastKnownFileType = sourcecode.swift; path = "SCNGeometry++.swift"; sourceTree = "<group>"; };
		9FEE51BA286BAF2E00C8C22A /* SCNMatrix++.swift */ = {isa = PBXFileReference; fileEncoding = 4; lastKnownFileType = sourcecode.swift; path = "SCNMatrix++.swift"; sourceTree = "<group>"; };
		9FEE51BB286BAF2E00C8C22A /* SCNVector++.swift */ = {isa = PBXFileReference; fileEncoding = 4; lastKnownFileType = sourcecode.swift; path = "SCNVector++.swift"; sourceTree = "<group>"; };
		9FEE51BF286BCF0A00C8C22A /* BBox.swift */ = {isa = PBXFileReference; fileEncoding = 4; lastKnownFileType = sourcecode.swift; path = BBox.swift; sourceTree = "<group>"; };
		9FEE521628720A2300C8C22A /* FactalsModel.swift */ = {isa = PBXFileReference; fileEncoding = 4; lastKnownFileType = sourcecode.swift; path = FactalsModel.swift; sourceTree = "<group>"; };
		9FEE521E2874A42000C8C22A /* LldbInit.swift */ = {isa = PBXFileReference; fileEncoding = 4; lastKnownFileType = sourcecode.swift; path = LldbInit.swift; sourceTree = "<group>"; };
		9FEE52202874AB7300C8C22A /* Path.swift */ = {isa = PBXFileReference; fileEncoding = 4; lastKnownFileType = sourcecode.swift; path = Path.swift; sourceTree = "<group>"; };
		9FEE52222874D9A100C8C22A /* NSColor++.swift */ = {isa = PBXFileReference; fileEncoding = 4; lastKnownFileType = sourcecode.swift; path = "NSColor++.swift"; sourceTree = "<group>"; };
		9FEE52242875F84F00C8C22A /* Net.swift */ = {isa = PBXFileReference; fileEncoding = 4; lastKnownFileType = sourcecode.swift; path = Net.swift; sourceTree = "<group>"; };
		9FEE52262875FEE200C8C22A /* Atom.swift */ = {isa = PBXFileReference; fileEncoding = 4; lastKnownFileType = sourcecode.swift; path = Atom.swift; sourceTree = "<group>"; };
		9FEE52282876023A00C8C22A /* CommonAtoms.swift */ = {isa = PBXFileReference; fileEncoding = 4; lastKnownFileType = sourcecode.swift; path = CommonAtoms.swift; sourceTree = "<group>"; };
		9FEE522A287602B400C8C22A /* CommonParts.swift */ = {isa = PBXFileReference; fileEncoding = 4; lastKnownFileType = sourcecode.swift; path = CommonParts.swift; sourceTree = "<group>"; };
		9FEE522C2879E0CA00C8C22A /* TestsFoo.swift */ = {isa = PBXFileReference; fileEncoding = 4; lastKnownFileType = sourcecode.swift; path = TestsFoo.swift; sourceTree = "<group>"; };
		9FEE6F122835778A00E9E2AE /* Factals.app */ = {isa = PBXFileReference; explicitFileType = wrapper.application; includeInIndex = 0; path = Factals.app; sourceTree = BUILT_PRODUCTS_DIR; };
		9FEE6F152835778A00E9E2AE /* FactalsApp.swift */ = {isa = PBXFileReference; lastKnownFileType = sourcecode.swift; path = FactalsApp.swift; sourceTree = "<group>"; };
		9FEE6F172835778A00E9E2AE /* FactalsDocument.swift */ = {isa = PBXFileReference; lastKnownFileType = sourcecode.swift; path = FactalsDocument.swift; sourceTree = "<group>"; };
		9FEE6F192835778A00E9E2AE /* ContentView.swift */ = {isa = PBXFileReference; lastKnownFileType = sourcecode.swift; path = ContentView.swift; sourceTree = "<group>"; };
		9FEE6F1B2835779000E9E2AE /* Assets.xcassets */ = {isa = PBXFileReference; lastKnownFileType = folder.assetcatalog; path = Assets.xcassets; sourceTree = "<group>"; };
		9FEE6F1E2835779000E9E2AE /* Preview Assets.xcassets */ = {isa = PBXFileReference; lastKnownFileType = folder.assetcatalog; path = "Preview Assets.xcassets"; sourceTree = "<group>"; };
		9FEE6F202835779000E9E2AE /* Info.plist */ = {isa = PBXFileReference; lastKnownFileType = text.plist.xml; path = Info.plist; sourceTree = "<group>"; };
		9FEE6F212835779000E9E2AE /* Factals.entitlements */ = {isa = PBXFileReference; lastKnownFileType = text.plist.entitlements; path = Factals.entitlements; sourceTree = "<group>"; };
		9FEE6F272837C54E00E9E2AE /* art.scnassets */ = {isa = PBXFileReference; lastKnownFileType = wrapper.scnassets; path = art.scnassets; sourceTree = "<group>"; };
		9FEE6FD72841A70E00E9E2AE /* Vew.swift */ = {isa = PBXFileReference; fileEncoding = 4; lastKnownFileType = sourcecode.swift; path = Vew.swift; sourceTree = "<group>"; };
		9FEE70A8284318B500E9E2AE /* SCNNode++.swift */ = {isa = PBXFileReference; fileEncoding = 4; lastKnownFileType = sourcecode.swift; path = "SCNNode++.swift"; sourceTree = "<group>"; };
		9FF12C632E77863E00EC6ECD /* Factals.xcodeproj */ = {isa = PBXFileReference; lastKnownFileType = "wrapper.pb-project"; path = Factals.xcodeproj; sourceTree = SOURCE_ROOT; };
/* End PBXFileReference section */

/* Begin PBXFrameworksBuildPhase section */
		9F417EFF28EB91FE0047B359 /* Frameworks */ = {
			isa = PBXFrameworksBuildPhase;
			buildActionMask = 2147483647;
			files = (
			);
			runOnlyForDeploymentPostprocessing = 0;
		};
		9FEE6F0F2835778A00E9E2AE /* Frameworks */ = {
			isa = PBXFrameworksBuildPhase;
			buildActionMask = 2147483647;
			files = (
			);
			runOnlyForDeploymentPostprocessing = 0;
		};
/* End PBXFrameworksBuildPhase section */

/* Begin PBXGroup section */
		9F1900EC28808DC00078DB6C /* Worlds */ = {
			isa = PBXGroup;
			children = (
				9F1900EF28808DC00078DB6C /* Generator.swift */,
				9F84C9ED2AF2BFAA002BD0C1 /* ShaftBundleTap.swift */,
				9F84C9F02AF2FDC6002BD0C1 /* BundleTap.swift */,
				9F1900ED28808DC00078DB6C /* TimingChain.swift */,
				9F1900EE28808DC00078DB6C /* DiscreteTime.swift */,
				9F1900F028808DC00078DB6C /* WorldModel.swift */,
			);
			path = Worlds;
			sourceTree = "<group>";
		};
		9F19CA33285EAF730072C50E /* Parts (of Network) */ = {
			isa = PBXGroup;
			children = (
				9FEE52242875F84F00C8C22A /* Net.swift */,
				9F1900E828808DC00078DB6C /* Actor.swift */,
				9F1900F728808DC10078DB6C /* Tunnel.swift */,
				9F1900F128808DC00078DB6C /* FwBundle.swift */,
				9F1900EB28808DC00078DB6C /* CommonLeafs.swift */,
				9F1900F328808DC00078DB6C /* Leaf.swift */,
				9F1900EA28808DC00078DB6C /* Previous.swift */,
				9F458C742D693CD000E65B82 /* Branch.swift */,
				9F1900E928808DC00078DB6C /* MultiLink.swift */,
				9F1900F528808DC00078DB6C /* GenAtom.swift */,
				9FEE52282876023A00C8C22A /* CommonAtoms.swift */,
				9F19010A28808EC90078DB6C /* Splitter.swift */,
				9F1900E728808DC00078DB6C /* Link.swift */,
				9F1900F628808DC00078DB6C /* LinkPort.swift */,
				9FEE52262875FEE200C8C22A /* Atom.swift */,
				9F19010C28808EE70078DB6C /* Share.swift */,
				9F19010E28808EF80078DB6C /* MultiPort.swift */,
				9F19011028808F070078DB6C /* Port.swift */,
				9F019EEF2D20F0FA0064F58C /* PortSound.swift */,
				9FEE522A287602B400C8C22A /* CommonParts.swift */,
				9F4A3AD9288B386300574925 /* Part.swift */,
				9F19CA34285EB0730072C50E /* PartBase.swift */,
				9FEE51A4286B958700C8C22A /* PolyWrap.swift */,
				9FEE519E286B507500C8C22A /* SubPart.swift */,
				9FDF886729ACFA1700776ABB /* DebugAids.swift */,
				9F190115288090240078DB6C /* InspecAllClasses.swift */,
			);
			path = "Parts (of Network)";
			sourceTree = "<group>";
		};
		9F417F0328EB91FE0047B359 /* FactalsTests */ = {
			isa = PBXGroup;
			children = (
				9F417F0428EB91FE0047B359 /* FactalsTests.swift */,
			);
			path = FactalsTests;
			sourceTree = "<group>";
		};
		9FAD595C29A270430065406B /* SwiftUI Views */ = {
			isa = PBXGroup;
			children = (
				9FEE6F192835778A00E9E2AE /* ContentView.swift */,
				9F5996442C5E8E290013EBF3 /* Gui.swift */,
				9F9AF6702E3DA738004E4F79 /* RealityKitView.swift */,
				9F9AF68D2E3E2DBD004E4F79 /* RealityKitShapes.swift */,
				9F6B946B2B8A5073007A14E5 /* SceneKitView.swift */,
				9F3E49A728B27238003D450D /* EventReceiver.swift */,
				9F9AC6A3299C7C6000CDEB08 /* FactalsModelBar.swift */,
				9FAD595E29A2775A0065406B /* SelfiePoleBar.swift */,
				9F190118288090240078DB6C /* InspecBase.swift */,
				9F3E4A0A28B7A7C4003D450D /* XXGestures.swift */,
			);
			path = "SwiftUI Views";
			sourceTree = "<group>";
		};
		9FEE519C286B4EDF00C8C22A /* Vews (of Parts) */ = {
			isa = PBXGroup;
			children = (
				9FEE6FD72841A70E00E9E2AE /* Vew.swift */,
				9F190117288090240078DB6C /* LinkVew.swift */,
				9F1E3CE528D926C5004548C9 /* VewBase.swift */,
				9FBD6E4629258E2500F14075 /* VewBaseBar.swift */,
				9F6B9AB628E6711600E23DEC /* VewConfig.swift */,
			);
			path = "Vews (of Parts)";
			sourceTree = "<group>";
		};
		9FEE519D286B4F1C00C8C22A /* Control and App */ = {
			isa = PBXGroup;
			children = (
				9FEE6F152835778A00E9E2AE /* FactalsApp.swift */,
				9FEE6F172835778A00E9E2AE /* FactalsDocument.swift */,
				9FEE521628720A2300C8C22A /* FactalsModel.swift */,
				9F581E6C28CAD4F1003107E8 /* SelfiePole.swift */,
				9F0295CD288091EF00DD0004 /* FactalsStatus.swift */,
				9F19CA31285EA5090072C50E /* Simulator.swift */,
				9FEE51A1286B8F5B00C8C22A /* Log.swift */,
				9FEE51A0286B8F5B00C8C22A /* FilteredLog.swift */,
				9F0295D22880923000DD0004 /* Sound.swift */,
			);
			path = "Control and App";
			sourceTree = "<group>";
		};
		9FEE51AA286BA53800C8C22A /* HaveNWant Networks */ = {
			isa = PBXGroup;
			children = (
				9FEE51A8286BA2D700C8C22A /* Dashboard.swift */,
				9FEE51AB286BA57900C8C22A /* Library.swift */,
				9FDE5DA42C29C23A001D4A73 /* Book.swift */,
				9FEE51AE286BA57A00C8C22A /* Proto.swift */,
				9F132F822DBECD9700E28189 /* Chanty.swift */,
				9FEE522C2879E0CA00C8C22A /* TestsFoo.swift */,
				9FEE51AD286BA57900C8C22A /* TivoRemote.swift */,
				9FEE51AC286BA57900C8C22A /* LangDeser.swift */,
				9FEE51AF286BA57A00C8C22A /* Tests01.swift */,
			);
			path = "HaveNWant Networks";
			sourceTree = "<group>";
		};
		9FEE6F092835778A00E9E2AE = {
			isa = PBXGroup;
			children = (
				9FF12C632E77863E00EC6ECD /* Factals.xcodeproj */,
				9F369DD6287C68F700196211 /* README.md */,
				9F417F5E28EDB10A0047B359 /* TO_DO.md */,
				9FC31EAB28E0B7820022E536 /* Install.md */,
				9FDBBED628AC45DB00445219 /* PrintBuffer.swift */,
				9FEE6F142835778A00E9E2AE /* Factals */,
				9F417F0328EB91FE0047B359 /* FactalsTests */,
				9FEE6F132835778A00E9E2AE /* Products */,
			);
			sourceTree = "<group>";
		};
		9FEE6F132835778A00E9E2AE /* Products */ = {
			isa = PBXGroup;
			children = (
				9FEE6F122835778A00E9E2AE /* Factals.app */,
				9F417F0228EB91FE0047B359 /* FactalsTests.xctest */,
			);
			name = Products;
			sourceTree = "<group>";
		};
		9FEE6F142835778A00E9E2AE /* Factals */ = {
			isa = PBXGroup;
			children = (
				9FEE51AA286BA53800C8C22A /* HaveNWant Networks */,
				9F1900EC28808DC00078DB6C /* Worlds */,
				9F19CA33285EAF730072C50E /* Parts (of Network) */,
				9FEE519C286B4EDF00C8C22A /* Vews (of Parts) */,
				9FAD595C29A270430065406B /* SwiftUI Views */,
				9FEE519D286B4F1C00C8C22A /* Control and App */,
				9FEE6FDB2843182A00E9E2AE /* Extensions++ */,
				9FEE6F272837C54E00E9E2AE /* art.scnassets */,
				9FEE6F1B2835779000E9E2AE /* Assets.xcassets */,
				9FEE6F202835779000E9E2AE /* Info.plist */,
				9F19FD9A2D0105EA000851FA /* di-sound.m4a */,
				9FEE6F212835779000E9E2AE /* Factals.entitlements */,
				9FEE6F1D2835779000E9E2AE /* Preview Content */,
			);
			path = Factals;
			sourceTree = "<group>";
		};
		9FEE6F1D2835779000E9E2AE /* Preview Content */ = {
			isa = PBXGroup;
			children = (
				9FEE6F1E2835779000E9E2AE /* Preview Assets.xcassets */,
			);
			path = "Preview Content";
			sourceTree = "<group>";
		};
		9FEE6FDB2843182A00E9E2AE /* Extensions++ */ = {
			isa = PBXGroup;
			children = (
				9F0295D72880926D00DD0004 /* FwwEvent.swift */,
				9F0295D62880926D00DD0004 /* Self++.swift */,
				9FEE52202874AB7300C8C22A /* Path.swift */,
				9F0295DA2880928600DD0004 /* FwTypes.swift */,
				9FE1AF0B2852971400A56193 /* Fw++.swift */,
				9FEE51BF286BCF0A00C8C22A /* BBox.swift */,
				9F969540288B4E8800106DBC /* SwiftUI++.swift */,
				9FEE70A8284318B500E9E2AE /* SCNNode++.swift */,
				9F5AE2CF298C3C4B00EF6B20 /* ScnBase.swift */,
				9FEE51B9286BAF2E00C8C22A /* SCNGeometry++.swift */,
				9FEE51BA286BAF2E00C8C22A /* SCNMatrix++.swift */,
				9FEE51BB286BAF2E00C8C22A /* SCNVector++.swift */,
				9F190113288090240078DB6C /* InspecSCNVector3.swift */,
				9F0295DC288092F800DD0004 /* Equatable.swift */,
				9F0295DE2880932200DD0004 /* CG++.swift */,
				9FEE52222874D9A100C8C22A /* NSColor++.swift */,
				9FEE51B5286BA61000C8C22A /* Random.swift */,
				9FEE51B6286BA61000C8C22A /* Uid.swift */,
				9FEE51A6286B962300C8C22A /* CommonErrors.swift */,
				9FEE521E2874A42000C8C22A /* LldbInit.swift */,
				9F65A4AC28E0999700BC615D /* LLDBInitFile */,
				9F0295E32880936400DD0004 /* SwiftFactalsTests-Bridging-Header.h */,
				9F0295E02880936400DD0004 /* Factals-Bridging-Header.h */,
				9FAA4A0328524C40009332C9 /* XXXHasChildren.swift */,
				9F0295E22880936400DD0004 /* XXXNSObject+MachineTrap.h */,
				9F0295E12880936400DD0004 /* XXXSwiftTryCatch.h */,
				9F0295E42880936400DD0004 /* XXXSwiftTryCatch.m */,
			);
			path = "Extensions++";
			sourceTree = "<group>";
		};
/* End PBXGroup section */

/* Begin PBXNativeTarget section */
		9F417F0128EB91FE0047B359 /* FactalsTests */ = {
			isa = PBXNativeTarget;
			buildConfigurationList = 9F417F0828EB91FE0047B359 /* Build configuration list for PBXNativeTarget "FactalsTests" */;
			buildPhases = (
				9F417EFE28EB91FE0047B359 /* Sources */,
				9F417EFF28EB91FE0047B359 /* Frameworks */,
				9F417F0028EB91FE0047B359 /* Resources */,
			);
			buildRules = (
			);
			dependencies = (
				9F417F0728EB91FE0047B359 /* PBXTargetDependency */,
			);
			name = FactalsTests;
			productName = FooDocTry3Tests;
			productReference = 9F417F0228EB91FE0047B359 /* FactalsTests.xctest */;
			productType = "com.apple.product-type.bundle.unit-test";
		};
		9FEE6F112835778A00E9E2AE /* Factals */ = {
			isa = PBXNativeTarget;
			buildConfigurationList = 9FEE6F242835779000E9E2AE /* Build configuration list for PBXNativeTarget "Factals" */;
			buildPhases = (
				9FEE6F0E2835778A00E9E2AE /* Sources */,
				9FEE6F0F2835778A00E9E2AE /* Frameworks */,
				9FEE6F102835778A00E9E2AE /* Resources */,
			);
			buildRules = (
			);
			dependencies = (
			);
			name = Factals;
			productName = fooDocTry3;
			productReference = 9FEE6F122835778A00E9E2AE /* Factals.app */;
			productType = "com.apple.product-type.application";
		};
/* End PBXNativeTarget section */

/* Begin PBXProject section */
		9FEE6F0A2835778A00E9E2AE /* Project object */ = {
			isa = PBXProject;
			attributes = {
				BuildIndependentTargetsInParallel = 1;
				LastSwiftUpdateCheck = 1400;
				LastUpgradeCheck = 1640;
				TargetAttributes = {
					9F417F0128EB91FE0047B359 = {
						CreatedOnToolsVersion = 14.0;
						LastSwiftMigration = 1620;
						TestTargetID = 9FEE6F112835778A00E9E2AE;
					};
					9FEE6F112835778A00E9E2AE = {
						CreatedOnToolsVersion = 13.4;
						LastSwiftMigration = 1340;
					};
				};
			};
			buildConfigurationList = 9FEE6F0D2835778A00E9E2AE /* Build configuration list for PBXProject "Factals" */;
			compatibilityVersion = "Xcode 13.0";
			developmentRegion = en;
			hasScannedForEncodings = 0;
			knownRegions = (
				en,
				Base,
			);
			mainGroup = 9FEE6F092835778A00E9E2AE;
			productRefGroup = 9FEE6F132835778A00E9E2AE /* Products */;
			projectDirPath = "";
			projectRoot = "";
			targets = (
				9FEE6F112835778A00E9E2AE /* Factals */,
				9F417F0128EB91FE0047B359 /* FactalsTests */,
			);
		};
/* End PBXProject section */

/* Begin PBXResourcesBuildPhase section */
		9F417F0028EB91FE0047B359 /* Resources */ = {
			isa = PBXResourcesBuildPhase;
			buildActionMask = 2147483647;
			files = (
				9F417F5C28EB956E0047B359 /* LLDBInitFile in Resources */,
				9F675AE02A2F744A006370E6 /* art.scnassets in Resources */,
				9F675AE12A2F744F006370E6 /* Assets.xcassets in Resources */,
				9F19FD9B2D0105EA000851FA /* di-sound.m4a in Resources */,
			);
			runOnlyForDeploymentPostprocessing = 0;
		};
		9FEE6F102835778A00E9E2AE /* Resources */ = {
			isa = PBXResourcesBuildPhase;
			buildActionMask = 2147483647;
			files = (
				9FEE6F1F2835779000E9E2AE /* Preview Assets.xcassets in Resources */,
				9FEE6F282837C54E00E9E2AE /* art.scnassets in Resources */,
				9FEE6F1C2835779000E9E2AE /* Assets.xcassets in Resources */,
				9F19FD9C2D0105EA000851FA /* di-sound.m4a in Resources */,
				9F65A4AD28E0999700BC615D /* LLDBInitFile in Resources */,
			);
			runOnlyForDeploymentPostprocessing = 0;
		};
/* End PBXResourcesBuildPhase section */

/* Begin PBXSourcesBuildPhase section */
		9F417EFE28EB91FE0047B359 /* Sources */ = {
			isa = PBXSourcesBuildPhase;
			buildActionMask = 2147483647;
			files = (
				9F417F3528EB94740047B359 /* InspecBase.swift in Sources */,
				9F417F5828EB955F0047B359 /* Random.swift in Sources */,
				9F417F5A28EB95650047B359 /* CommonErrors.swift in Sources */,
				9F417F1D28EB941B0047B359 /* CommonLeafs.swift in Sources */,
				9F417F5428EB95520047B359 /* SCNVector++.swift in Sources */,
				9F417F4228EB94CE0047B359 /* SelfiePole.swift in Sources */,
				9F417F4428EB94D40047B359 /* Simulator.swift in Sources */,
				9F417F1428EB93FC0047B359 /* Net.swift in Sources */,
				9F417F2028EB94240047B359 /* MultiLink.swift in Sources */,
				9F5996462C5E8E290013EBF3 /* Gui.swift in Sources */,
				9F417F2128EB94270047B359 /* Link.swift in Sources */,
				9F417F0D28EB93DE0047B359 /* Tests01.swift in Sources */,
				9F417F2B28EB944A0047B359 /* CommonParts.swift in Sources */,
				9F417F1028EB93E90047B359 /* Library.swift in Sources */,
				9F417F5B28EB956A0047B359 /* LldbInit.swift in Sources */,
				9F417F1528EB93FF0047B359 /* Actor.swift in Sources */,
				9F417F3B28EB94B60047B359 /* ContentView.swift in Sources */,
				9F417F4328EB94D10047B359 /* FactalsStatus.swift in Sources */,
				9F417F3E28EB94C10047B359 /* FactalsModel.swift in Sources */,
				9F2BC4162B7FE38F0045991D /* XXGestures.swift in Sources */,
				9F417F5028EB95420047B359 /* SwiftUI++.swift in Sources */,
				9F417F5228EB954A0047B359 /* SCNGeometry++.swift in Sources */,
				9F417F2328EB942E0047B359 /* GenAtom.swift in Sources */,
				9F417F4E28EB95390047B359 /* BBox.swift in Sources */,
				9F417F4C28EB95310047B359 /* FwTypes.swift in Sources */,
				9F417F1C28EB94160047B359 /* WorldModel.swift in Sources */,
				9F417F1F28EB94210047B359 /* Previous.swift in Sources */,
				9F417F5328EB954F0047B359 /* SCNMatrix++.swift in Sources */,
				9F417F1E28EB941E0047B359 /* Leaf.swift in Sources */,
				9F458C762D693CD700E65B82 /* Branch.swift in Sources */,
				9F417F2628EB94380047B359 /* Splitter.swift in Sources */,
				9F675ADA2A2F6D45006370E6 /* SelfiePoleBar.swift in Sources */,
				9F9AF68E2E3E2DC5004E4F79 /* RealityKitShapes.swift in Sources */,
				9F417F4828EB94EE0047B359 /* FwwEvent.swift in Sources */,
				9F417F5128EB95450047B359 /* SCNNode++.swift in Sources */,
				9F417F1828EB94080047B359 /* FwBundle.swift in Sources */,
				9F417F2D28EB94500047B359 /* Part.swift in Sources */,
				9F84C9EF2AF2BFAA002BD0C1 /* ShaftBundleTap.swift in Sources */,
				9F132F842DBECD9700E28189 /* Chanty.swift in Sources */,
				9F9AF6712E3DA738004E4F79 /* RealityKitView.swift in Sources */,
				9F417F3728EB947A0047B359 /* InspecSCNVector3.swift in Sources */,
				9F417F0528EB91FE0047B359 /* FactalsTests.swift in Sources */,
				9F417F1928EB940D0047B359 /* TimingChain.swift in Sources */,
				9F417F0F28EB93E50047B359 /* Proto.swift in Sources */,
				9F019EF12D20F0FA0064F58C /* PortSound.swift in Sources */,
				9F417F2C28EB944D0047B359 /* PartBase.swift in Sources */,
				9F417F4628EB94DB0047B359 /* FilteredLog.swift in Sources */,
				9FDE5DA62C29C23A001D4A73 /* Book.swift in Sources */,
				9F417F0E28EB93E20047B359 /* TestsFoo.swift in Sources */,
				9F417F5728EB955C0047B359 /* NSColor++.swift in Sources */,
				9F417F3928EB94A80047B359 /* FactalsApp.swift in Sources */,
				9F417F2228EB942A0047B359 /* LinkPort.swift in Sources */,
				9F417F2728EB943D0047B359 /* Atom.swift in Sources */,
				9F417F4728EB94DF0047B359 /* Sound.swift in Sources */,
				9F417F3128EB94680047B359 /* VewConfig.swift in Sources */,
				9F417F2828EB94410047B359 /* Share.swift in Sources */,
				9F417F2528EB94350047B359 /* CommonAtoms.swift in Sources */,
				9FA1E4B92939AFF10012E02F /* VewBaseBar.swift in Sources */,
				9F417F4928EB94FD0047B359 /* Self++.swift in Sources */,
				9F417F1A28EB94100047B359 /* DiscreteTime.swift in Sources */,
				9F417F2928EB94450047B359 /* MultiPort.swift in Sources */,
				9F417F0C28EB93DB0047B359 /* TivoRemote.swift in Sources */,
				9F417F1128EB93EC0047B359 /* Dashboard.swift in Sources */,
				9F417F4A28EB952A0047B359 /* Path.swift in Sources */,
				9F417F3C28EB94BA0047B359 /* EventReceiver.swift in Sources */,
				9F417F4D28EB95350047B359 /* Fw++.swift in Sources */,
				9F675ADB2A2F6D6B006370E6 /* FactalsModelBar.swift in Sources */,
				9F417F1B28EB94130047B359 /* Generator.swift in Sources */,
				9F417F5528EB95550047B359 /* Equatable.swift in Sources */,
				9F417F3328EB946E0047B359 /* LinkVew.swift in Sources */,
				9F417F2F28EB94580047B359 /* SubPart.swift in Sources */,
				9F417F4528EB94D80047B359 /* Log.swift in Sources */,
				9F417F2E28EB94530047B359 /* PolyWrap.swift in Sources */,
				9F417F3228EB946B0047B359 /* VewBase.swift in Sources */,
				9F5AE2D1298C3C4B00EF6B20 /* ScnBase.swift in Sources */,
				9F417F5928EB95620047B359 /* Uid.swift in Sources */,
				9F417F2A28EB94470047B359 /* Port.swift in Sources */,
				9F84C9F22AF2FDC6002BD0C1 /* BundleTap.swift in Sources */,
				9F417F3428EB94710047B359 /* InspecAllClasses.swift in Sources */,
				9FC4AAEA2B9CCFCB0094B06A /* SceneKitView.swift in Sources */,
				9F417F0B28EB93D80047B359 /* LangDeser.swift in Sources */,
				9F417F1728EB94050047B359 /* Tunnel.swift in Sources */,
				9F417F5628EB95590047B359 /* CG++.swift in Sources */,
				9F417F3A28EB94B30047B359 /* FactalsDocument.swift in Sources */,
				9F417F3028EB94650047B359 /* Vew.swift in Sources */,
			);
			runOnlyForDeploymentPostprocessing = 0;
		};
		9FEE6F0E2835778A00E9E2AE /* Sources */ = {
			isa = PBXSourcesBuildPhase;
			buildActionMask = 2147483647;
			files = (
				9F969530288B3DF500106DBC /* Vew.swift in Sources */,
				9FEE51BC286BAF2E00C8C22A /* SCNGeometry++.swift in Sources */,
				9F969531288B3F8E00106DBC /* Atom.swift in Sources */,
				9F1900FA28808DC10078DB6C /* MultiLink.swift in Sources */,
				9F3E49A828B27238003D450D /* EventReceiver.swift in Sources */,
				9FDF886829ACFA1700776ABB /* DebugAids.swift in Sources */,
				9FEE51B3286BA57A00C8C22A /* Proto.swift in Sources */,
				9FEE519F286B507600C8C22A /* SubPart.swift in Sources */,
				9F19010028808DC10078DB6C /* WorldModel.swift in Sources */,
				9F458C752D693CD700E65B82 /* Branch.swift in Sources */,
				9FEE51A2286B8F5B00C8C22A /* FilteredLog.swift in Sources */,
				9FEE51A3286B8F5B00C8C22A /* Log.swift in Sources */,
				9F190122288090240078DB6C /* InspecBase.swift in Sources */,
				9F0295DD288092F800DD0004 /* Equatable.swift in Sources */,
				9F19CA35285EB0730072C50E /* PartBase.swift in Sources */,
				9FEE51C0286BCF0A00C8C22A /* BBox.swift in Sources */,
				9FEE51B4286BA57A00C8C22A /* Tests01.swift in Sources */,
				9F9AF68F2E3E2DC5004E4F79 /* RealityKitShapes.swift in Sources */,
				9F19CA32285EA5090072C50E /* Simulator.swift in Sources */,
				9F2BC4172B7FE38F0045991D /* XXGestures.swift in Sources */,
				9F4A3ADB288B396800574925 /* Fw++.swift in Sources */,
				9F190121288090240078DB6C /* LinkVew.swift in Sources */,
				9F84C9F12AF2FDC6002BD0C1 /* BundleTap.swift in Sources */,
				9F581E6D28CAD4F1003107E8 /* SelfiePole.swift in Sources */,
				9F1900FB28808DC10078DB6C /* Previous.swift in Sources */,
				9FEE51B7286BA61000C8C22A /* Random.swift in Sources */,
				9F9AF6722E3DA738004E4F79 /* RealityKitView.swift in Sources */,
				9FEE51B0286BA57A00C8C22A /* Library.swift in Sources */,
				9FEE52232874D9A100C8C22A /* NSColor++.swift in Sources */,
				9F969541288B4E8800106DBC /* SwiftUI++.swift in Sources */,
				9F19010128808DC10078DB6C /* FwBundle.swift in Sources */,
				9FEE51A7286B962300C8C22A /* CommonErrors.swift in Sources */,
				9F84C9EE2AF2BFAA002BD0C1 /* ShaftBundleTap.swift in Sources */,
				9F1E3CE628D926C5004548C9 /* VewBase.swift in Sources */,
				9F132F832DBECD9700E28189 /* Chanty.swift in Sources */,
				9FEE51A5286B958700C8C22A /* PolyWrap.swift in Sources */,
				9F5996452C5E8E290013EBF3 /* Gui.swift in Sources */,
				9F6B946C2B8A5073007A14E5 /* SceneKitView.swift in Sources */,
				9F0295DB2880928600DD0004 /* FwTypes.swift in Sources */,
				9F1900FE28808DC10078DB6C /* DiscreteTime.swift in Sources */,
				9F19011F288090240078DB6C /* InspecAllClasses.swift in Sources */,
				9F1900F828808DC10078DB6C /* Link.swift in Sources */,
				9FEE522B287602B400C8C22A /* CommonParts.swift in Sources */,
				9FEE51B1286BA57A00C8C22A /* LangDeser.swift in Sources */,
				9FEE6F182835778A00E9E2AE /* FactalsDocument.swift in Sources */,
				9FEE52212874AB7300C8C22A /* Path.swift in Sources */,
				9F019EF02D20F0FA0064F58C /* PortSound.swift in Sources */,
				9F1900FD28808DC10078DB6C /* TimingChain.swift in Sources */,
				9FEE51BE286BAF2E00C8C22A /* SCNVector++.swift in Sources */,
				9F19010B28808EC90078DB6C /* Splitter.swift in Sources */,
				9FEE70A9284318B500E9E2AE /* SCNNode++.swift in Sources */,
				9F6B9AB728E6711600E23DEC /* VewConfig.swift in Sources */,
				9FEE522D2879E0CA00C8C22A /* TestsFoo.swift in Sources */,
				9F19010D28808EE70078DB6C /* Share.swift in Sources */,
				9FDE5DA52C29C23A001D4A73 /* Book.swift in Sources */,
				9F0295CF288091EF00DD0004 /* FactalsStatus.swift in Sources */,
				9F19010628808DC10078DB6C /* LinkPort.swift in Sources */,
				9FEE51B2286BA57A00C8C22A /* TivoRemote.swift in Sources */,
				9FAD595F29A2775A0065406B /* SelfiePoleBar.swift in Sources */,
				9F9AC6A4299C7C6000CDEB08 /* FactalsModelBar.swift in Sources */,
				9F19010728808DC10078DB6C /* Tunnel.swift in Sources */,
				9F5AE2D0298C3C4B00EF6B20 /* ScnBase.swift in Sources */,
				9F1900F928808DC10078DB6C /* Actor.swift in Sources */,
				9FEE51A9286BA2D700C8C22A /* Dashboard.swift in Sources */,
				9FEE6F162835778A00E9E2AE /* FactalsApp.swift in Sources */,
				9F19010F28808EF80078DB6C /* MultiPort.swift in Sources */,
				9F1900FC28808DC10078DB6C /* CommonLeafs.swift in Sources */,
				9F19010328808DC10078DB6C /* Leaf.swift in Sources */,
				9FEE6F1A2835778A00E9E2AE /* ContentView.swift in Sources */,
				9F4A3ADA288B386300574925 /* Part.swift in Sources */,
				9FEE521728720A2300C8C22A /* FactalsModel.swift in Sources */,
				9F96952F288B3B2800106DBC /* Net.swift in Sources */,
				9FBD6E4729258E2500F14075 /* VewBaseBar.swift in Sources */,
				9FEE51BD286BAF2E00C8C22A /* SCNMatrix++.swift in Sources */,
				9F0295D82880926D00DD0004 /* Self++.swift in Sources */,
				9F19011128808F070078DB6C /* Port.swift in Sources */,
				9FEE52292876023A00C8C22A /* CommonAtoms.swift in Sources */,
				9FEE51B8286BA61000C8C22A /* Uid.swift in Sources */,
				9F1900FF28808DC10078DB6C /* Generator.swift in Sources */,
				9FEE521F2874A42000C8C22A /* LldbInit.swift in Sources */,
				9F0295D32880923000DD0004 /* Sound.swift in Sources */,
				9F19010528808DC10078DB6C /* GenAtom.swift in Sources */,
				9F0295DF2880932200DD0004 /* CG++.swift in Sources */,
				9F0295D92880926D00DD0004 /* FwwEvent.swift in Sources */,
				9F19011D288090240078DB6C /* InspecSCNVector3.swift in Sources */,
			);
			runOnlyForDeploymentPostprocessing = 0;
		};
/* End PBXSourcesBuildPhase section */

/* Begin PBXTargetDependency section */
		9F417F0728EB91FE0047B359 /* PBXTargetDependency */ = {
			isa = PBXTargetDependency;
			target = 9FEE6F112835778A00E9E2AE /* Factals */;
			targetProxy = 9F417F0628EB91FE0047B359 /* PBXContainerItemProxy */;
		};
/* End PBXTargetDependency section */

/* Begin XCBuildConfiguration section */
		9F417F0928EB91FE0047B359 /* Debug */ = {
			isa = XCBuildConfiguration;
			buildSettings = {
				BUNDLE_LOADER = "$(TEST_HOST)";
				CLANG_CXX_LANGUAGE_STANDARD = "gnu++20";
				CLANG_ENABLE_MODULES = YES;
				CODE_SIGN_STYLE = Automatic;
				CURRENT_PROJECT_VERSION = 1;
				DEAD_CODE_STRIPPING = YES;
				GENERATE_INFOPLIST_FILE = YES;
				MACOSX_DEPLOYMENT_TARGET = 14.6;
				MARKETING_VERSION = 1.0;
				PRODUCT_BUNDLE_IDENTIFIER = abcFoo.FactalsTests;
				PRODUCT_NAME = "$(TARGET_NAME)";
				SWIFT_EMIT_LOC_STRINGS = NO;
				SWIFT_OPTIMIZATION_LEVEL = "-Onone";
				SWIFT_VERSION = 5.0;
				TEST_HOST = "$(BUILT_PRODUCTS_DIR)/Factals.app/$(BUNDLE_EXECUTABLE_FOLDER_PATH)/Factals";
			};
			name = Debug;
		};
		9F417F0A28EB91FE0047B359 /* Release */ = {
			isa = XCBuildConfiguration;
			buildSettings = {
				BUNDLE_LOADER = "$(TEST_HOST)";
				CLANG_CXX_LANGUAGE_STANDARD = "gnu++20";
				CLANG_ENABLE_MODULES = YES;
				CODE_SIGN_STYLE = Automatic;
				CURRENT_PROJECT_VERSION = 1;
				DEAD_CODE_STRIPPING = YES;
				GENERATE_INFOPLIST_FILE = YES;
				MACOSX_DEPLOYMENT_TARGET = 14.6;
				MARKETING_VERSION = 1.0;
				PRODUCT_BUNDLE_IDENTIFIER = abcFoo.FactalsTests;
				PRODUCT_NAME = "$(TARGET_NAME)";
				SWIFT_EMIT_LOC_STRINGS = NO;
				SWIFT_VERSION = 5.0;
				TEST_HOST = "$(BUILT_PRODUCTS_DIR)/Factals.app/$(BUNDLE_EXECUTABLE_FOLDER_PATH)/Factals";
			};
			name = Release;
		};
		9FEE6F222835779000E9E2AE /* Debug */ = {
			isa = XCBuildConfiguration;
			buildSettings = {
				ALWAYS_SEARCH_USER_PATHS = NO;
				CLANG_ANALYZER_NONNULL = YES;
				CLANG_ANALYZER_NUMBER_OBJECT_CONVERSION = YES_AGGRESSIVE;
				CLANG_CXX_LANGUAGE_STANDARD = "gnu++17";
				CLANG_ENABLE_MODULES = YES;
				CLANG_ENABLE_OBJC_ARC = YES;
				CLANG_ENABLE_OBJC_WEAK = YES;
				CLANG_WARN_BLOCK_CAPTURE_AUTORELEASING = YES;
				CLANG_WARN_BOOL_CONVERSION = YES;
				CLANG_WARN_COMMA = YES;
				CLANG_WARN_CONSTANT_CONVERSION = YES;
				CLANG_WARN_DEPRECATED_OBJC_IMPLEMENTATIONS = YES;
				CLANG_WARN_DIRECT_OBJC_ISA_USAGE = YES_ERROR;
				CLANG_WARN_DOCUMENTATION_COMMENTS = YES;
				CLANG_WARN_EMPTY_BODY = YES;
				CLANG_WARN_ENUM_CONVERSION = YES;
				CLANG_WARN_INFINITE_RECURSION = YES;
				CLANG_WARN_INT_CONVERSION = YES;
				CLANG_WARN_NON_LITERAL_NULL_CONVERSION = YES;
				CLANG_WARN_OBJC_IMPLICIT_RETAIN_SELF = YES;
				CLANG_WARN_OBJC_LITERAL_CONVERSION = YES;
				CLANG_WARN_OBJC_ROOT_CLASS = YES_ERROR;
				CLANG_WARN_QUOTED_INCLUDE_IN_FRAMEWORK_HEADER = YES;
				CLANG_WARN_RANGE_LOOP_ANALYSIS = YES;
				CLANG_WARN_STRICT_PROTOTYPES = YES;
				CLANG_WARN_SUSPICIOUS_MOVE = YES;
				CLANG_WARN_UNGUARDED_AVAILABILITY = YES_AGGRESSIVE;
				CLANG_WARN_UNREACHABLE_CODE = YES;
				CLANG_WARN__DUPLICATE_METHOD_MATCH = YES;
				COPY_PHASE_STRIP = NO;
				DEAD_CODE_STRIPPING = YES;
				DEBUG_INFORMATION_FORMAT = dwarf;
				DEVELOPMENT_TEAM = D45V5JYQ5Y;
				ENABLE_STRICT_OBJC_MSGSEND = YES;
				ENABLE_TESTABILITY = YES;
				ENABLE_USER_SCRIPT_SANDBOXING = YES;
				GCC_C_LANGUAGE_STANDARD = gnu11;
				GCC_DYNAMIC_NO_PIC = NO;
				GCC_NO_COMMON_BLOCKS = YES;
				GCC_OPTIMIZATION_LEVEL = 0;
				GCC_PREPROCESSOR_DEFINITIONS = (
					"DEBUG=1",
					"$(inherited)",
				);
				GCC_WARN_64_TO_32_BIT_CONVERSION = YES;
				GCC_WARN_ABOUT_RETURN_TYPE = YES_ERROR;
				GCC_WARN_UNDECLARED_SELECTOR = YES;
				GCC_WARN_UNINITIALIZED_AUTOS = YES_AGGRESSIVE;
				GCC_WARN_UNUSED_FUNCTION = YES;
				GCC_WARN_UNUSED_VARIABLE = YES;
				MACOSX_DEPLOYMENT_TARGET = 14.1;
				MTL_ENABLE_DEBUG_INFO = INCLUDE_SOURCE;
				MTL_FAST_MATH = YES;
				ONLY_ACTIVE_ARCH = YES;
				SDKROOT = macosx;
				SWIFT_ACTIVE_COMPILATION_CONDITIONS = DEBUG;
				SWIFT_OPTIMIZATION_LEVEL = "-Onone";
				SWIFT_VERSION = 6.0;
			};
			name = Debug;
		};
		9FEE6F232835779000E9E2AE /* Release */ = {
			isa = XCBuildConfiguration;
			buildSettings = {
				ALWAYS_SEARCH_USER_PATHS = NO;
				CLANG_ANALYZER_NONNULL = YES;
				CLANG_ANALYZER_NUMBER_OBJECT_CONVERSION = YES_AGGRESSIVE;
				CLANG_CXX_LANGUAGE_STANDARD = "gnu++17";
				CLANG_ENABLE_MODULES = YES;
				CLANG_ENABLE_OBJC_ARC = YES;
				CLANG_ENABLE_OBJC_WEAK = YES;
				CLANG_WARN_BLOCK_CAPTURE_AUTORELEASING = YES;
				CLANG_WARN_BOOL_CONVERSION = YES;
				CLANG_WARN_COMMA = YES;
				CLANG_WARN_CONSTANT_CONVERSION = YES;
				CLANG_WARN_DEPRECATED_OBJC_IMPLEMENTATIONS = YES;
				CLANG_WARN_DIRECT_OBJC_ISA_USAGE = YES_ERROR;
				CLANG_WARN_DOCUMENTATION_COMMENTS = YES;
				CLANG_WARN_EMPTY_BODY = YES;
				CLANG_WARN_ENUM_CONVERSION = YES;
				CLANG_WARN_INFINITE_RECURSION = YES;
				CLANG_WARN_INT_CONVERSION = YES;
				CLANG_WARN_NON_LITERAL_NULL_CONVERSION = YES;
				CLANG_WARN_OBJC_IMPLICIT_RETAIN_SELF = YES;
				CLANG_WARN_OBJC_LITERAL_CONVERSION = YES;
				CLANG_WARN_OBJC_ROOT_CLASS = YES_ERROR;
				CLANG_WARN_QUOTED_INCLUDE_IN_FRAMEWORK_HEADER = YES;
				CLANG_WARN_RANGE_LOOP_ANALYSIS = YES;
				CLANG_WARN_STRICT_PROTOTYPES = YES;
				CLANG_WARN_SUSPICIOUS_MOVE = YES;
				CLANG_WARN_UNGUARDED_AVAILABILITY = YES_AGGRESSIVE;
				CLANG_WARN_UNREACHABLE_CODE = YES;
				CLANG_WARN__DUPLICATE_METHOD_MATCH = YES;
				COPY_PHASE_STRIP = NO;
				DEAD_CODE_STRIPPING = YES;
				DEBUG_INFORMATION_FORMAT = "dwarf-with-dsym";
				DEVELOPMENT_TEAM = D45V5JYQ5Y;
				ENABLE_NS_ASSERTIONS = NO;
				ENABLE_STRICT_OBJC_MSGSEND = YES;
				ENABLE_USER_SCRIPT_SANDBOXING = YES;
				GCC_C_LANGUAGE_STANDARD = gnu11;
				GCC_NO_COMMON_BLOCKS = YES;
				GCC_WARN_64_TO_32_BIT_CONVERSION = YES;
				GCC_WARN_ABOUT_RETURN_TYPE = YES_ERROR;
				GCC_WARN_UNDECLARED_SELECTOR = YES;
				GCC_WARN_UNINITIALIZED_AUTOS = YES_AGGRESSIVE;
				GCC_WARN_UNUSED_FUNCTION = YES;
				GCC_WARN_UNUSED_VARIABLE = YES;
				MACOSX_DEPLOYMENT_TARGET = 14.1;
				MTL_ENABLE_DEBUG_INFO = NO;
				MTL_FAST_MATH = YES;
				SDKROOT = macosx;
				SWIFT_COMPILATION_MODE = wholemodule;
				SWIFT_OPTIMIZATION_LEVEL = "-O";
				SWIFT_VERSION = 6.0;
			};
			name = Release;
		};
		9FEE6F252835779000E9E2AE /* Debug */ = {
			isa = XCBuildConfiguration;
			buildSettings = {
				ASSETCATALOG_COMPILER_APPICON_NAME = AppIcon;
				ASSETCATALOG_COMPILER_GLOBAL_ACCENT_COLOR_NAME = AccentColor;
				CLANG_ENABLE_MODULES = YES;
				CODE_SIGN_ENTITLEMENTS = Factals/Factals.entitlements;
				CODE_SIGN_IDENTITY = "-";
				"CODE_SIGN_IDENTITY[sdk=macosx*]" = "Apple Development";
				CODE_SIGN_STYLE = Automatic;
				COMBINE_HIDPI_IMAGES = YES;
				CURRENT_PROJECT_VERSION = 1;
				DEAD_CODE_STRIPPING = YES;
				DEVELOPMENT_ASSET_PATHS = "\"Factals/Preview Content\"";
				ENABLE_HARDENED_RUNTIME = YES;
				ENABLE_PREVIEWS = YES;
				GENERATE_INFOPLIST_FILE = YES;
				INFOPLIST_FILE = Factals/Info.plist;
				INFOPLIST_KEY_NSHumanReadableCopyright = "";
				INFOPLIST_KEY_UISupportsDocumentBrowser = YES;
				LD_RUNPATH_SEARCH_PATHS = (
					"$(inherited)",
					"@executable_path/../Frameworks",
				);
				MACOSX_DEPLOYMENT_TARGET = 15.0;
				MARKETING_VERSION = 1.0;
				PRODUCT_BUNDLE_IDENTIFIER = abcFoo.Factals;
				PRODUCT_NAME = "$(TARGET_NAME)";
				SWIFT_EMIT_LOC_STRINGS = YES;
				SWIFT_OBJC_BRIDGING_HEADER = "Factals/Extensions++/Factals-Bridging-Header.h";
				SWIFT_OPTIMIZATION_LEVEL = "-Onone";
				SWIFT_VERSION = 5.0;
			};
			name = Debug;
		};
		9FEE6F262835779000E9E2AE /* Release */ = {
			isa = XCBuildConfiguration;
			buildSettings = {
				ASSETCATALOG_COMPILER_APPICON_NAME = AppIcon;
				ASSETCATALOG_COMPILER_GLOBAL_ACCENT_COLOR_NAME = AccentColor;
				CLANG_ENABLE_MODULES = YES;
				CODE_SIGN_ENTITLEMENTS = Factals/Factals.entitlements;
				CODE_SIGN_IDENTITY = "-";
				"CODE_SIGN_IDENTITY[sdk=macosx*]" = "Apple Development";
				CODE_SIGN_STYLE = Automatic;
				COMBINE_HIDPI_IMAGES = YES;
				CURRENT_PROJECT_VERSION = 1;
				DEAD_CODE_STRIPPING = YES;
				DEVELOPMENT_ASSET_PATHS = "\"Factals/Preview Content\"";
				ENABLE_HARDENED_RUNTIME = YES;
				ENABLE_PREVIEWS = YES;
				GENERATE_INFOPLIST_FILE = YES;
				INFOPLIST_FILE = Factals/Info.plist;
				INFOPLIST_KEY_NSHumanReadableCopyright = "";
				INFOPLIST_KEY_UISupportsDocumentBrowser = YES;
				LD_RUNPATH_SEARCH_PATHS = (
					"$(inherited)",
					"@executable_path/../Frameworks",
				);
				MACOSX_DEPLOYMENT_TARGET = 15.0;
				MARKETING_VERSION = 1.0;
				PRODUCT_BUNDLE_IDENTIFIER = abcFoo.Factals;
				PRODUCT_NAME = "$(TARGET_NAME)";
				SWIFT_EMIT_LOC_STRINGS = YES;
				SWIFT_OBJC_BRIDGING_HEADER = "Factals/Extensions++/Factals-Bridging-Header.h";
				SWIFT_VERSION = 5.0;
			};
			name = Release;
		};
/* End XCBuildConfiguration section */

/* Begin XCConfigurationList section */
		9F417F0828EB91FE0047B359 /* Build configuration list for PBXNativeTarget "FactalsTests" */ = {
			isa = XCConfigurationList;
			buildConfigurations = (
				9F417F0928EB91FE0047B359 /* Debug */,
				9F417F0A28EB91FE0047B359 /* Release */,
			);
			defaultConfigurationIsVisible = 0;
			defaultConfigurationName = Release;
		};
		9FEE6F0D2835778A00E9E2AE /* Build configuration list for PBXProject "Factals" */ = {
			isa = XCConfigurationList;
			buildConfigurations = (
				9FEE6F222835779000E9E2AE /* Debug */,
				9FEE6F232835779000E9E2AE /* Release */,
			);
			defaultConfigurationIsVisible = 0;
			defaultConfigurationName = Release;
		};
		9FEE6F242835779000E9E2AE /* Build configuration list for PBXNativeTarget "Factals" */ = {
			isa = XCConfigurationList;
			buildConfigurations = (
				9FEE6F252835779000E9E2AE /* Debug */,
				9FEE6F262835779000E9E2AE /* Release */,
			);
			defaultConfigurationIsVisible = 0;
			defaultConfigurationName = Release;
		};
/* End XCConfigurationList section */
	};
	rootObject = 9FEE6F0A2835778A00E9E2AE /* Project object */;
}
